// !$*UTF8*$!
{
	archiveVersion = 1;
	classes = {
	};
	objectVersion = 46;
	objects = {

/* Begin PBXBuildFile section */
		FE416F6F1D2CA6CE00518C78 /* UITableViewCell+VDEnhance.h in Headers */ = {isa = PBXBuildFile; fileRef = FE416F6D1D2CA6CE00518C78 /* UITableViewCell+VDEnhance.h */; settings = {ATTRIBUTES = (Public, ); }; };
		FE416F701D2CA6CE00518C78 /* UITableViewCell+VDEnhance.m in Sources */ = {isa = PBXBuildFile; fileRef = FE416F6E1D2CA6CE00518C78 /* UITableViewCell+VDEnhance.m */; };
		FE416F8C1D2CFFA900518C78 /* VDSelectorArgument.h in Headers */ = {isa = PBXBuildFile; fileRef = FE416F8A1D2CFFA900518C78 /* VDSelectorArgument.h */; settings = {ATTRIBUTES = (Public, ); }; };
		FE416F8D1D2CFFA900518C78 /* VDSelectorArgument.m in Sources */ = {isa = PBXBuildFile; fileRef = FE416F8B1D2CFFA900518C78 /* VDSelectorArgument.m */; };
		FE416F901D2D030600518C78 /* NSObject+VDSelectorArgument.h in Headers */ = {isa = PBXBuildFile; fileRef = FE416F8E1D2D030600518C78 /* NSObject+VDSelectorArgument.h */; settings = {ATTRIBUTES = (Public, ); }; };
		FE416F911D2D030600518C78 /* NSObject+VDSelectorArgument.m in Sources */ = {isa = PBXBuildFile; fileRef = FE416F8F1D2D030600518C78 /* NSObject+VDSelectorArgument.m */; };
		FE416FA71D2DE7E000518C78 /* VDThemeManager.h in Headers */ = {isa = PBXBuildFile; fileRef = FE416FA51D2DE7E000518C78 /* VDThemeManager.h */; settings = {ATTRIBUTES = (Public, ); }; };
		FE416FA81D2DE7E000518C78 /* VDThemeManager.m in Sources */ = {isa = PBXBuildFile; fileRef = FE416FA61D2DE7E000518C78 /* VDThemeManager.m */; };
		FE416FAB1D2DED9400518C78 /* NSObject+VDThemeManager.h in Headers */ = {isa = PBXBuildFile; fileRef = FE416FA91D2DED9400518C78 /* NSObject+VDThemeManager.h */; settings = {ATTRIBUTES = (Public, ); }; };
		FE416FAC1D2DED9400518C78 /* NSObject+VDThemeManager.m in Sources */ = {isa = PBXBuildFile; fileRef = FE416FAA1D2DED9400518C78 /* NSObject+VDThemeManager.m */; };
		FE416FB31D2DEDC800518C78 /* VDThemeElement.h in Headers */ = {isa = PBXBuildFile; fileRef = FE416FB11D2DEDC800518C78 /* VDThemeElement.h */; settings = {ATTRIBUTES = (Public, ); }; };
		FE416FB41D2DEDC800518C78 /* VDThemeElement.m in Sources */ = {isa = PBXBuildFile; fileRef = FE416FB21D2DEDC800518C78 /* VDThemeElement.m */; };
		FE416FB71D2DEE1700518C78 /* VDThemeSelectorArgument.h in Headers */ = {isa = PBXBuildFile; fileRef = FE416FB51D2DEE1700518C78 /* VDThemeSelectorArgument.h */; settings = {ATTRIBUTES = (Public, ); }; };
		FE416FB81D2DEE1700518C78 /* VDThemeSelectorArgument.m in Sources */ = {isa = PBXBuildFile; fileRef = FE416FB61D2DEE1700518C78 /* VDThemeSelectorArgument.m */; };
		FE416FEA1D2E576A00518C78 /* UITableView+VDEnhance.h in Headers */ = {isa = PBXBuildFile; fileRef = FE416FE81D2E576A00518C78 /* UITableView+VDEnhance.h */; settings = {ATTRIBUTES = (Public, ); }; };
		FE416FEB1D2E576A00518C78 /* UITableView+VDEnhance.m in Sources */ = {isa = PBXBuildFile; fileRef = FE416FE91D2E576A00518C78 /* UITableView+VDEnhance.m */; };
		FE416FEF1D2F44FC00518C78 /* UIView+VDAutoPanUp.h in Headers */ = {isa = PBXBuildFile; fileRef = FE416FED1D2F44FC00518C78 /* UIView+VDAutoPanUp.h */; settings = {ATTRIBUTES = (Public, ); }; };
		FE416FF01D2F44FC00518C78 /* UIView+VDAutoPanUp.m in Sources */ = {isa = PBXBuildFile; fileRef = FE416FEE1D2F44FC00518C78 /* UIView+VDAutoPanUp.m */; };
		FE416FF31D2F45A300518C78 /* VDAutoPanUpManager.h in Headers */ = {isa = PBXBuildFile; fileRef = FE416FF11D2F45A300518C78 /* VDAutoPanUpManager.h */; settings = {ATTRIBUTES = (Public, ); }; };
		FE416FF41D2F45A300518C78 /* VDAutoPanUpManager.m in Sources */ = {isa = PBXBuildFile; fileRef = FE416FF21D2F45A300518C78 /* VDAutoPanUpManager.m */; };
		FE416FF71D2F45D900518C78 /* VDAutoPanUpElement.h in Headers */ = {isa = PBXBuildFile; fileRef = FE416FF51D2F45D900518C78 /* VDAutoPanUpElement.h */; settings = {ATTRIBUTES = (Public, ); }; };
		FE416FF81D2F45D900518C78 /* VDAutoPanUpElement.m in Sources */ = {isa = PBXBuildFile; fileRef = FE416FF61D2F45D900518C78 /* VDAutoPanUpElement.m */; };
		FE4170401D2FAB8E00518C78 /* UISlider+VDEnhance.h in Headers */ = {isa = PBXBuildFile; fileRef = FE41703E1D2FAB8E00518C78 /* UISlider+VDEnhance.h */; settings = {ATTRIBUTES = (Public, ); }; };
		FE4170411D2FAB8E00518C78 /* UISlider+VDEnhance.m in Sources */ = {isa = PBXBuildFile; fileRef = FE41703F1D2FAB8E00518C78 /* UISlider+VDEnhance.m */; };
		FE41704D1D3344EA00518C78 /* UIViewController+VDHud.h in Headers */ = {isa = PBXBuildFile; fileRef = FE41704B1D3344EA00518C78 /* UIViewController+VDHud.h */; settings = {ATTRIBUTES = (Public, ); }; };
		FE41704E1D3344EA00518C78 /* UIViewController+VDHud.m in Sources */ = {isa = PBXBuildFile; fileRef = FE41704C1D3344EA00518C78 /* UIViewController+VDHud.m */; };
		FE4170511D3346B500518C78 /* VDHudMaskView.h in Headers */ = {isa = PBXBuildFile; fileRef = FE41704F1D3346B500518C78 /* VDHudMaskView.h */; settings = {ATTRIBUTES = (Public, ); }; };
		FE4170521D3346B500518C78 /* VDHudMaskView.m in Sources */ = {isa = PBXBuildFile; fileRef = FE4170501D3346B500518C78 /* VDHudMaskView.m */; };
		FE4170551D33624800518C78 /* UIView+VDHud.h in Headers */ = {isa = PBXBuildFile; fileRef = FE4170531D33624800518C78 /* UIView+VDHud.h */; settings = {ATTRIBUTES = (Public, ); }; };
		FE4170561D33624800518C78 /* UIView+VDHud.m in Sources */ = {isa = PBXBuildFile; fileRef = FE4170541D33624800518C78 /* UIView+VDHud.m */; };
		FE4170681D3369E700518C78 /* VDHudViewController.h in Headers */ = {isa = PBXBuildFile; fileRef = FE4170661D3369E700518C78 /* VDHudViewController.h */; settings = {ATTRIBUTES = (Public, ); }; };
		FE4170691D3369E700518C78 /* VDHudViewController.m in Sources */ = {isa = PBXBuildFile; fileRef = FE4170671D3369E700518C78 /* VDHudViewController.m */; };
		FE4170721D33788600518C78 /* VDLoadingView.h in Headers */ = {isa = PBXBuildFile; fileRef = FE4170701D33788600518C78 /* VDLoadingView.h */; settings = {ATTRIBUTES = (Public, ); }; };
		FE4170731D33788600518C78 /* VDLoadingView.m in Sources */ = {isa = PBXBuildFile; fileRef = FE4170711D33788600518C78 /* VDLoadingView.m */; };
		FE4170831D338E1100518C78 /* VDLoadingLayer.h in Headers */ = {isa = PBXBuildFile; fileRef = FE4170811D338E1100518C78 /* VDLoadingLayer.h */; settings = {ATTRIBUTES = (Public, ); }; };
		FE4170841D338E1100518C78 /* VDLoadingLayer.m in Sources */ = {isa = PBXBuildFile; fileRef = FE4170821D338E1100518C78 /* VDLoadingLayer.m */; };
		FE41708B1D34B81D00518C78 /* VDLoadingAngularVariationView.h in Headers */ = {isa = PBXBuildFile; fileRef = FE4170891D34B81D00518C78 /* VDLoadingAngularVariationView.h */; settings = {ATTRIBUTES = (Public, ); }; };
		FE41708C1D34B81D00518C78 /* VDLoadingAngularVariationView.m in Sources */ = {isa = PBXBuildFile; fileRef = FE41708A1D34B81D00518C78 /* VDLoadingAngularVariationView.m */; };
		FE4170941D34DD5600518C78 /* VDSimpleHudViewController.h in Headers */ = {isa = PBXBuildFile; fileRef = FE4170921D34DD5600518C78 /* VDSimpleHudViewController.h */; settings = {ATTRIBUTES = (Public, ); }; };
		FE4170951D34DD5600518C78 /* VDSimpleHudViewController.m in Sources */ = {isa = PBXBuildFile; fileRef = FE4170931D34DD5600518C78 /* VDSimpleHudViewController.m */; };
		FE4170A11D35E34000518C78 /* VDToastView.h in Headers */ = {isa = PBXBuildFile; fileRef = FE41709F1D35E34000518C78 /* VDToastView.h */; settings = {ATTRIBUTES = (Public, ); }; };
		FE4170A21D35E34000518C78 /* VDToastView.m in Sources */ = {isa = PBXBuildFile; fileRef = FE4170A01D35E34000518C78 /* VDToastView.m */; };
		FE4170AA1D35E93A00518C78 /* NSMutableArray+VDEnhance.h in Headers */ = {isa = PBXBuildFile; fileRef = FE4170A81D35E93A00518C78 /* NSMutableArray+VDEnhance.h */; settings = {ATTRIBUTES = (Public, ); }; };
		FE4170AB1D35E93A00518C78 /* NSMutableArray+VDEnhance.m in Sources */ = {isa = PBXBuildFile; fileRef = FE4170A91D35E93A00518C78 /* NSMutableArray+VDEnhance.m */; };
		FE4170CE1D3635B400518C78 /* VDInputManager.h in Headers */ = {isa = PBXBuildFile; fileRef = FE4170CC1D3635B400518C78 /* VDInputManager.h */; settings = {ATTRIBUTES = (Public, ); }; };
		FE4170CF1D3635B400518C78 /* VDInputManager.m in Sources */ = {isa = PBXBuildFile; fileRef = FE4170CD1D3635B400518C78 /* VDInputManager.m */; };
		FE4170D61D363DC800518C78 /* UIView+VDInputManager.h in Headers */ = {isa = PBXBuildFile; fileRef = FE4170D41D363DC800518C78 /* UIView+VDInputManager.h */; settings = {ATTRIBUTES = (Public, ); }; };
		FE4170D71D363DC800518C78 /* UIView+VDInputManager.m in Sources */ = {isa = PBXBuildFile; fileRef = FE4170D51D363DC800518C78 /* UIView+VDInputManager.m */; };
		FE4171121D375EF700518C78 /* UIView+VDTheme.h in Headers */ = {isa = PBXBuildFile; fileRef = FE4171101D375EF700518C78 /* UIView+VDTheme.h */; settings = {ATTRIBUTES = (Public, ); }; };
		FE4171131D375EF700518C78 /* UIView+VDTheme.m in Sources */ = {isa = PBXBuildFile; fileRef = FE4171111D375EF700518C78 /* UIView+VDTheme.m */; };
		FE4171161D375F0700518C78 /* UIButton+VDTheme.h in Headers */ = {isa = PBXBuildFile; fileRef = FE4171141D375F0700518C78 /* UIButton+VDTheme.h */; settings = {ATTRIBUTES = (Public, ); }; };
		FE4171171D375F0700518C78 /* UIButton+VDTheme.m in Sources */ = {isa = PBXBuildFile; fileRef = FE4171151D375F0700518C78 /* UIButton+VDTheme.m */; };
		FE41711A1D375F1C00518C78 /* UINavigationBar+VDTheme.h in Headers */ = {isa = PBXBuildFile; fileRef = FE4171181D375F1C00518C78 /* UINavigationBar+VDTheme.h */; settings = {ATTRIBUTES = (Public, ); }; };
		FE41711B1D375F1C00518C78 /* UINavigationBar+VDTheme.m in Sources */ = {isa = PBXBuildFile; fileRef = FE4171191D375F1C00518C78 /* UINavigationBar+VDTheme.m */; };
		FE41711E1D375F2900518C78 /* UISlider+VDTheme.h in Headers */ = {isa = PBXBuildFile; fileRef = FE41711C1D375F2900518C78 /* UISlider+VDTheme.h */; settings = {ATTRIBUTES = (Public, ); }; };
		FE41711F1D375F2900518C78 /* UISlider+VDTheme.m in Sources */ = {isa = PBXBuildFile; fileRef = FE41711D1D375F2900518C78 /* UISlider+VDTheme.m */; };
		FE4171221D375F3600518C78 /* UILabel+VDTheme.h in Headers */ = {isa = PBXBuildFile; fileRef = FE4171201D375F3600518C78 /* UILabel+VDTheme.h */; settings = {ATTRIBUTES = (Public, ); }; };
		FE4171231D375F3600518C78 /* UILabel+VDTheme.m in Sources */ = {isa = PBXBuildFile; fileRef = FE4171211D375F3600518C78 /* UILabel+VDTheme.m */; };
		FE4171261D375F4500518C78 /* UIImageView+VDTheme.h in Headers */ = {isa = PBXBuildFile; fileRef = FE4171241D375F4500518C78 /* UIImageView+VDTheme.h */; settings = {ATTRIBUTES = (Public, ); }; };
		FE4171271D375F4500518C78 /* UIImageView+VDTheme.m in Sources */ = {isa = PBXBuildFile; fileRef = FE4171251D375F4500518C78 /* UIImageView+VDTheme.m */; };
		FE615F3B1D23679B00AECD76 /* objcTemp.h in Headers */ = {isa = PBXBuildFile; fileRef = FE615F3A1D23679B00AECD76 /* objcTemp.h */; settings = {ATTRIBUTES = (Public, ); }; };
		FE615F421D23679B00AECD76 /* objcTemp.framework in Frameworks */ = {isa = PBXBuildFile; fileRef = FE615F371D23679B00AECD76 /* objcTemp.framework */; };
		FE615F471D23679B00AECD76 /* objcTempTests.m in Sources */ = {isa = PBXBuildFile; fileRef = FE615F461D23679B00AECD76 /* objcTempTests.m */; };
		FE615F9E1D2367B500AECD76 /* CALayer+VDEnhance.h in Headers */ = {isa = PBXBuildFile; fileRef = FE615F521D2367B500AECD76 /* CALayer+VDEnhance.h */; settings = {ATTRIBUTES = (Public, ); }; };
		FE615F9F1D2367B500AECD76 /* CALayer+VDEnhance.m in Sources */ = {isa = PBXBuildFile; fileRef = FE615F531D2367B500AECD76 /* CALayer+VDEnhance.m */; };
		FE615FA01D2367B500AECD76 /* VDFingerPrintViewController.h in Headers */ = {isa = PBXBuildFile; fileRef = FE615F551D2367B500AECD76 /* VDFingerPrintViewController.h */; settings = {ATTRIBUTES = (Public, ); }; };
		FE615FA11D2367B500AECD76 /* VDFingerPrintViewController.m in Sources */ = {isa = PBXBuildFile; fileRef = FE615F561D2367B500AECD76 /* VDFingerPrintViewController.m */; };
		FE615FA21D2367B500AECD76 /* NSObject+VDHook.h in Headers */ = {isa = PBXBuildFile; fileRef = FE615F581D2367B500AECD76 /* NSObject+VDHook.h */; settings = {ATTRIBUTES = (Public, ); }; };
		FE615FA31D2367B500AECD76 /* NSObject+VDHook.m in Sources */ = {isa = PBXBuildFile; fileRef = FE615F591D2367B500AECD76 /* NSObject+VDHook.m */; };
		FE615FA41D2367B500AECD76 /* VDHook.h in Headers */ = {isa = PBXBuildFile; fileRef = FE615F5A1D2367B500AECD76 /* VDHook.h */; settings = {ATTRIBUTES = (Public, ); }; };
		FE615FA51D2367B500AECD76 /* VDHook.m in Sources */ = {isa = PBXBuildFile; fileRef = FE615F5B1D2367B500AECD76 /* VDHook.m */; };
		FE615FA61D2367B500AECD76 /* VDHookElement.h in Headers */ = {isa = PBXBuildFile; fileRef = FE615F5C1D2367B500AECD76 /* VDHookElement.h */; settings = {ATTRIBUTES = (Public, ); }; };
		FE615FA71D2367B500AECD76 /* VDHookElement.m in Sources */ = {isa = PBXBuildFile; fileRef = FE615F5D1D2367B500AECD76 /* VDHookElement.m */; };
		FE615FA81D2367B500AECD76 /* VDHookInvocationInfo.h in Headers */ = {isa = PBXBuildFile; fileRef = FE615F5E1D2367B500AECD76 /* VDHookInvocationInfo.h */; settings = {ATTRIBUTES = (Public, ); }; };
		FE615FA91D2367B500AECD76 /* VDHookInvocationInfo.m in Sources */ = {isa = PBXBuildFile; fileRef = FE615F5F1D2367B500AECD76 /* VDHookInvocationInfo.m */; };
		FE615FAA1D2367B500AECD76 /* VDHookRecorder.h in Headers */ = {isa = PBXBuildFile; fileRef = FE615F601D2367B500AECD76 /* VDHookRecorder.h */; settings = {ATTRIBUTES = (Public, ); }; };
		FE615FAB1D2367B500AECD76 /* VDHookRecorder.m in Sources */ = {isa = PBXBuildFile; fileRef = FE615F611D2367B500AECD76 /* VDHookRecorder.m */; };
		FE615FAC1D2367B500AECD76 /* VDMacros.h in Headers */ = {isa = PBXBuildFile; fileRef = FE615F631D2367B500AECD76 /* VDMacros.h */; settings = {ATTRIBUTES = (Public, ); }; };
		FE615FAD1D2367B500AECD76 /* NSDictionary+VDEnhance.h in Headers */ = {isa = PBXBuildFile; fileRef = FE615F651D2367B500AECD76 /* NSDictionary+VDEnhance.h */; settings = {ATTRIBUTES = (Public, ); }; };
		FE615FAE1D2367B500AECD76 /* NSDictionary+VDEnhance.m in Sources */ = {isa = PBXBuildFile; fileRef = FE615F661D2367B500AECD76 /* NSDictionary+VDEnhance.m */; };
		FE615FAF1D2367B500AECD76 /* NSObject+VDEnhance.h in Headers */ = {isa = PBXBuildFile; fileRef = FE615F681D2367B500AECD76 /* NSObject+VDEnhance.h */; settings = {ATTRIBUTES = (Public, ); }; };
		FE615FB01D2367B500AECD76 /* NSObject+VDEnhance.m in Sources */ = {isa = PBXBuildFile; fileRef = FE615F691D2367B500AECD76 /* NSObject+VDEnhance.m */; };
		FE615FB11D2367B500AECD76 /* VDDelayOperation.h in Headers */ = {isa = PBXBuildFile; fileRef = FE615F6B1D2367B500AECD76 /* VDDelayOperation.h */; settings = {ATTRIBUTES = (Public, ); }; };
		FE615FB21D2367B500AECD76 /* VDDelayOperation.m in Sources */ = {isa = PBXBuildFile; fileRef = FE615F6C1D2367B500AECD76 /* VDDelayOperation.m */; };
		FE615FB31D2367B500AECD76 /* NSString+VDEnhance.h in Headers */ = {isa = PBXBuildFile; fileRef = FE615F6E1D2367B500AECD76 /* NSString+VDEnhance.h */; settings = {ATTRIBUTES = (Public, ); }; };
		FE615FB41D2367B500AECD76 /* NSString+VDEnhance.m in Sources */ = {isa = PBXBuildFile; fileRef = FE615F6F1D2367B500AECD76 /* NSString+VDEnhance.m */; };
		FE615FB51D2367B500AECD76 /* NSString+VDJavaScript.h in Headers */ = {isa = PBXBuildFile; fileRef = FE615F701D2367B500AECD76 /* NSString+VDJavaScript.h */; settings = {ATTRIBUTES = (Public, ); }; };
		FE615FB61D2367B500AECD76 /* NSString+VDJavaScript.m in Sources */ = {isa = PBXBuildFile; fileRef = FE615F711D2367B500AECD76 /* NSString+VDJavaScript.m */; };
		FE615FB71D2367B500AECD76 /* NSString+VDRegex.h in Headers */ = {isa = PBXBuildFile; fileRef = FE615F721D2367B500AECD76 /* NSString+VDRegex.h */; settings = {ATTRIBUTES = (Public, ); }; };
		FE615FB81D2367B500AECD76 /* NSString+VDRegex.m in Sources */ = {isa = PBXBuildFile; fileRef = FE615F731D2367B500AECD76 /* NSString+VDRegex.m */; };
		FE615FB91D2367B500AECD76 /* UIViewController+VDRouter.h in Headers */ = {isa = PBXBuildFile; fileRef = FE615F751D2367B500AECD76 /* UIViewController+VDRouter.h */; settings = {ATTRIBUTES = (Public, ); }; };
		FE615FBA1D2367B500AECD76 /* UIViewController+VDRouter.m in Sources */ = {isa = PBXBuildFile; fileRef = FE615F761D2367B500AECD76 /* UIViewController+VDRouter.m */; };
		FE615FBB1D2367B500AECD76 /* VDRouter.h in Headers */ = {isa = PBXBuildFile; fileRef = FE615F771D2367B500AECD76 /* VDRouter.h */; settings = {ATTRIBUTES = (Public, ); }; };
		FE615FBC1D2367B500AECD76 /* VDRouter.m in Sources */ = {isa = PBXBuildFile; fileRef = FE615F781D2367B500AECD76 /* VDRouter.m */; };
		FE615FBD1D2367B500AECD76 /* VDRouterNavigationViewController.h in Headers */ = {isa = PBXBuildFile; fileRef = FE615F791D2367B500AECD76 /* VDRouterNavigationViewController.h */; settings = {ATTRIBUTES = (Public, ); }; };
		FE615FBE1D2367B500AECD76 /* VDRouterNavigationViewController.m in Sources */ = {isa = PBXBuildFile; fileRef = FE615F7A1D2367B500AECD76 /* VDRouterNavigationViewController.m */; };
		FE615FBF1D2367B500AECD76 /* UIApplication+VDEnhance.h in Headers */ = {isa = PBXBuildFile; fileRef = FE615F7C1D2367B500AECD76 /* UIApplication+VDEnhance.h */; settings = {ATTRIBUTES = (Public, ); }; };
		FE615FC01D2367B500AECD76 /* UIApplication+VDEnhance.m in Sources */ = {isa = PBXBuildFile; fileRef = FE615F7D1D2367B500AECD76 /* UIApplication+VDEnhance.m */; };
		FE615FC11D2367B500AECD76 /* UICollectionViewCell+VDEnhance.h in Headers */ = {isa = PBXBuildFile; fileRef = FE615F7F1D2367B500AECD76 /* UICollectionViewCell+VDEnhance.h */; settings = {ATTRIBUTES = (Public, ); }; };
		FE615FC21D2367B500AECD76 /* UICollectionViewCell+VDEnhance.m in Sources */ = {isa = PBXBuildFile; fileRef = FE615F801D2367B500AECD76 /* UICollectionViewCell+VDEnhance.m */; };
		FE615FC31D2367B500AECD76 /* UIColor+VDEnhance.h in Headers */ = {isa = PBXBuildFile; fileRef = FE615F821D2367B500AECD76 /* UIColor+VDEnhance.h */; settings = {ATTRIBUTES = (Public, ); }; };
		FE615FC41D2367B500AECD76 /* UIColor+VDEnhance.m in Sources */ = {isa = PBXBuildFile; fileRef = FE615F831D2367B500AECD76 /* UIColor+VDEnhance.m */; };
		FE615FC51D2367B500AECD76 /* UIImage+VDEnhance.h in Headers */ = {isa = PBXBuildFile; fileRef = FE615F851D2367B500AECD76 /* UIImage+VDEnhance.h */; settings = {ATTRIBUTES = (Public, ); }; };
		FE615FC61D2367B500AECD76 /* UIImage+VDEnhance.m in Sources */ = {isa = PBXBuildFile; fileRef = FE615F861D2367B500AECD76 /* UIImage+VDEnhance.m */; };
		FE615FC71D2367B500AECD76 /* UILabel+VDEnhance.h in Headers */ = {isa = PBXBuildFile; fileRef = FE615F881D2367B500AECD76 /* UILabel+VDEnhance.h */; settings = {ATTRIBUTES = (Public, ); }; };
		FE615FC81D2367B500AECD76 /* UILabel+VDEnhance.m in Sources */ = {isa = PBXBuildFile; fileRef = FE615F891D2367B500AECD76 /* UILabel+VDEnhance.m */; };
		FE615FC91D2367B500AECD76 /* UILabel+VDVerticalAlignment.h in Headers */ = {isa = PBXBuildFile; fileRef = FE615F8A1D2367B500AECD76 /* UILabel+VDVerticalAlignment.h */; settings = {ATTRIBUTES = (Public, ); }; };
		FE615FCA1D2367B500AECD76 /* UILabel+VDVerticalAlignment.m in Sources */ = {isa = PBXBuildFile; fileRef = FE615F8B1D2367B500AECD76 /* UILabel+VDVerticalAlignment.m */; };
		FE615FCB1D2367B500AECD76 /* UIScrollView+VDEnhance.h in Headers */ = {isa = PBXBuildFile; fileRef = FE615F8D1D2367B500AECD76 /* UIScrollView+VDEnhance.h */; settings = {ATTRIBUTES = (Public, ); }; };
		FE615FCC1D2367B500AECD76 /* UIScrollView+VDEnhance.m in Sources */ = {isa = PBXBuildFile; fileRef = FE615F8E1D2367B500AECD76 /* UIScrollView+VDEnhance.m */; };
		FE615FCD1D2367B500AECD76 /* UIView+VDConstraint.h in Headers */ = {isa = PBXBuildFile; fileRef = FE615F901D2367B500AECD76 /* UIView+VDConstraint.h */; settings = {ATTRIBUTES = (Public, ); }; };
		FE615FCE1D2367B500AECD76 /* UIView+VDConstraint.m in Sources */ = {isa = PBXBuildFile; fileRef = FE615F911D2367B500AECD76 /* UIView+VDConstraint.m */; };
		FE615FCF1D2367B500AECD76 /* UIView+VDEnhance.h in Headers */ = {isa = PBXBuildFile; fileRef = FE615F921D2367B500AECD76 /* UIView+VDEnhance.h */; settings = {ATTRIBUTES = (Public, ); }; };
		FE615FD01D2367B500AECD76 /* UIView+VDEnhance.m in Sources */ = {isa = PBXBuildFile; fileRef = FE615F931D2367B500AECD76 /* UIView+VDEnhance.m */; };
		FE615FD11D2367B500AECD76 /* UIView+VDFrame.h in Headers */ = {isa = PBXBuildFile; fileRef = FE615F941D2367B500AECD76 /* UIView+VDFrame.h */; settings = {ATTRIBUTES = (Public, ); }; };
		FE615FD21D2367B500AECD76 /* UIView+VDFrame.m in Sources */ = {isa = PBXBuildFile; fileRef = FE615F951D2367B500AECD76 /* UIView+VDFrame.m */; };
		FE615FD31D2367B500AECD76 /* UIView+VDGesture.h in Headers */ = {isa = PBXBuildFile; fileRef = FE615F961D2367B500AECD76 /* UIView+VDGesture.h */; settings = {ATTRIBUTES = (Public, ); }; };
		FE615FD41D2367B500AECD76 /* UIView+VDGesture.m in Sources */ = {isa = PBXBuildFile; fileRef = FE615F971D2367B500AECD76 /* UIView+VDGesture.m */; };
		FE615FD51D2367B500AECD76 /* UIViewController+VDEnhance.h in Headers */ = {isa = PBXBuildFile; fileRef = FE615F991D2367B500AECD76 /* UIViewController+VDEnhance.h */; settings = {ATTRIBUTES = (Public, ); }; };
		FE615FD61D2367B500AECD76 /* UIViewController+VDEnhance.m in Sources */ = {isa = PBXBuildFile; fileRef = FE615F9A1D2367B500AECD76 /* UIViewController+VDEnhance.m */; };
		FE615FD71D2367B500AECD76 /* VDWeakRef.h in Headers */ = {isa = PBXBuildFile; fileRef = FE615F9C1D2367B500AECD76 /* VDWeakRef.h */; settings = {ATTRIBUTES = (Public, ); }; };
		FE615FD81D2367B500AECD76 /* VDWeakRef.m in Sources */ = {isa = PBXBuildFile; fileRef = FE615F9D1D2367B500AECD76 /* VDWeakRef.m */; };
		FE6400191D3F49F000652BAC /* UIScrollView+VDPullRefresh.h in Headers */ = {isa = PBXBuildFile; fileRef = FE6400171D3F49EF00652BAC /* UIScrollView+VDPullRefresh.h */; settings = {ATTRIBUTES = (Public, ); }; };
		FE64001A1D3F49F000652BAC /* UIScrollView+VDPullRefresh.m in Sources */ = {isa = PBXBuildFile; fileRef = FE6400181D3F49EF00652BAC /* UIScrollView+VDPullRefresh.m */; };
		FE64001D1D3F4E8E00652BAC /* VDPullRefreshManager.h in Headers */ = {isa = PBXBuildFile; fileRef = FE64001B1D3F4E8E00652BAC /* VDPullRefreshManager.h */; settings = {ATTRIBUTES = (Public, ); }; };
		FE64001E1D3F4E8E00652BAC /* VDPullRefreshManager.m in Sources */ = {isa = PBXBuildFile; fileRef = FE64001C1D3F4E8E00652BAC /* VDPullRefreshManager.m */; };
		FE6400211D3F4E9C00652BAC /* VDPullRefreshElement.h in Headers */ = {isa = PBXBuildFile; fileRef = FE64001F1D3F4E9C00652BAC /* VDPullRefreshElement.h */; settings = {ATTRIBUTES = (Public, ); }; };
		FE6400221D3F4E9C00652BAC /* VDPullRefreshElement.m in Sources */ = {isa = PBXBuildFile; fileRef = FE6400201D3F4E9C00652BAC /* VDPullRefreshElement.m */; };
		FE64002C1D40AC3C00652BAC /* VDDefaultPullingView.h in Headers */ = {isa = PBXBuildFile; fileRef = FE64002A1D40AC3C00652BAC /* VDDefaultPullingView.h */; settings = {ATTRIBUTES = (Public, ); }; };
		FE64002D1D40AC3C00652BAC /* VDDefaultPullingView.m in Sources */ = {isa = PBXBuildFile; fileRef = FE64002B1D40AC3C00652BAC /* VDDefaultPullingView.m */; };
		FE6400871D45AEC200652BAC /* UICollectionView+VDEnhance.h in Headers */ = {isa = PBXBuildFile; fileRef = FE6400851D45AEC200652BAC /* UICollectionView+VDEnhance.h */; settings = {ATTRIBUTES = (Public, ); }; };
		FE6400881D45AEC200652BAC /* UICollectionView+VDEnhance.m in Sources */ = {isa = PBXBuildFile; fileRef = FE6400861D45AEC200652BAC /* UICollectionView+VDEnhance.m */; };
		FE6400921D45B1D600652BAC /* VDKVOElement.h in Headers */ = {isa = PBXBuildFile; fileRef = FE6400901D45B1D600652BAC /* VDKVOElement.h */; settings = {ATTRIBUTES = (Public, ); }; };
		FE6400931D45B1D600652BAC /* VDKVOElement.m in Sources */ = {isa = PBXBuildFile; fileRef = FE6400911D45B1D600652BAC /* VDKVOElement.m */; };
		FE6400961D45B60D00652BAC /* NSObject+VDKVO.h in Headers */ = {isa = PBXBuildFile; fileRef = FE6400941D45B60D00652BAC /* NSObject+VDKVO.h */; settings = {ATTRIBUTES = (Public, ); }; };
		FE6400971D45B60D00652BAC /* NSObject+VDKVO.m in Sources */ = {isa = PBXBuildFile; fileRef = FE6400951D45B60D00652BAC /* NSObject+VDKVO.m */; };
		FE64009A1D45B74300652BAC /* VDNotificationElement.h in Headers */ = {isa = PBXBuildFile; fileRef = FE6400981D45B74300652BAC /* VDNotificationElement.h */; settings = {ATTRIBUTES = (Public, ); }; };
		FE64009B1D45B74300652BAC /* VDNotificationElement.m in Sources */ = {isa = PBXBuildFile; fileRef = FE6400991D45B74300652BAC /* VDNotificationElement.m */; };
		FE64009E1D45B9F100652BAC /* NSObject+VDNotification.h in Headers */ = {isa = PBXBuildFile; fileRef = FE64009C1D45B9F100652BAC /* NSObject+VDNotification.h */; settings = {ATTRIBUTES = (Public, ); }; };
		FE64009F1D45B9F100652BAC /* NSObject+VDNotification.m in Sources */ = {isa = PBXBuildFile; fileRef = FE64009D1D45B9F100652BAC /* NSObject+VDNotification.m */; };
		FE6400D51D48649C00652BAC /* VDBusinessProcess.h in Headers */ = {isa = PBXBuildFile; fileRef = FE6400D31D48649C00652BAC /* VDBusinessProcess.h */; settings = {ATTRIBUTES = (Public, ); }; };
		FE6400D61D48649C00652BAC /* VDBusinessProcess.m in Sources */ = {isa = PBXBuildFile; fileRef = FE6400D41D48649C00652BAC /* VDBusinessProcess.m */; };
		FE6400FB1D49F47800652BAC /* VDGCDTimer.h in Headers */ = {isa = PBXBuildFile; fileRef = FE6400F91D49F47800652BAC /* VDGCDTimer.h */; settings = {ATTRIBUTES = (Public, ); }; };
		FE6400FC1D49F47800652BAC /* VDGCDTimer.m in Sources */ = {isa = PBXBuildFile; fileRef = FE6400FA1D49F47800652BAC /* VDGCDTimer.m */; };
		FECA263D1D25030B00ED8FDD /* objcTemp.podspec in Resources */ = {isa = PBXBuildFile; fileRef = FECA263B1D25030B00ED8FDD /* objcTemp.podspec */; };
		FECA263E1D25030B00ED8FDD /* README.md in Sources */ = {isa = PBXBuildFile; fileRef = FECA263C1D25030B00ED8FDD /* README.md */; };
		FECA268A1D25147000ED8FDD /* VDProperty.h in Headers */ = {isa = PBXBuildFile; fileRef = FECA26881D25147000ED8FDD /* VDProperty.h */; settings = {ATTRIBUTES = (Public, ); }; };
		FECA268B1D25147000ED8FDD /* VDProperty.m in Sources */ = {isa = PBXBuildFile; fileRef = FECA26891D25147000ED8FDD /* VDProperty.m */; };
		FECA268E1D2516FD00ED8FDD /* NSObject+VDProperty.h in Headers */ = {isa = PBXBuildFile; fileRef = FECA268C1D2516FD00ED8FDD /* NSObject+VDProperty.h */; settings = {ATTRIBUTES = (Public, ); }; };
		FECA268F1D2516FD00ED8FDD /* NSObject+VDProperty.m in Sources */ = {isa = PBXBuildFile; fileRef = FECA268D1D2516FD00ED8FDD /* NSObject+VDProperty.m */; };
		FECA26931D25215F00ED8FDD /* VDJsonObject.h in Headers */ = {isa = PBXBuildFile; fileRef = FECA26911D25215F00ED8FDD /* VDJsonObject.h */; settings = {ATTRIBUTES = (Public, ); }; };
		FECA26941D25215F00ED8FDD /* VDJsonObject.m in Sources */ = {isa = PBXBuildFile; fileRef = FECA26921D25215F00ED8FDD /* VDJsonObject.m */; };
		FECA26AF1D26556800ED8FDD /* NSObject+VDPersistent.h in Headers */ = {isa = PBXBuildFile; fileRef = FECA26AD1D26556800ED8FDD /* NSObject+VDPersistent.h */; settings = {ATTRIBUTES = (Public, ); }; };
		FECA26B01D26556800ED8FDD /* NSObject+VDPersistent.m in Sources */ = {isa = PBXBuildFile; fileRef = FECA26AE1D26556800ED8FDD /* NSObject+VDPersistent.m */; };
/* End PBXBuildFile section */

/* Begin PBXContainerItemProxy section */
		FE615F431D23679B00AECD76 /* PBXContainerItemProxy */ = {
			isa = PBXContainerItemProxy;
			containerPortal = FE615F2E1D23679B00AECD76 /* Project object */;
			proxyType = 1;
			remoteGlobalIDString = FE615F361D23679B00AECD76;
			remoteInfo = objcTemp;
		};
/* End PBXContainerItemProxy section */

/* Begin PBXFileReference section */
		FE416F6D1D2CA6CE00518C78 /* UITableViewCell+VDEnhance.h */ = {isa = PBXFileReference; fileEncoding = 4; lastKnownFileType = sourcecode.c.h; path = "UITableViewCell+VDEnhance.h"; sourceTree = "<group>"; };
		FE416F6E1D2CA6CE00518C78 /* UITableViewCell+VDEnhance.m */ = {isa = PBXFileReference; fileEncoding = 4; lastKnownFileType = sourcecode.c.objc; path = "UITableViewCell+VDEnhance.m"; sourceTree = "<group>"; };
		FE416F8A1D2CFFA900518C78 /* VDSelectorArgument.h */ = {isa = PBXFileReference; fileEncoding = 4; lastKnownFileType = sourcecode.c.h; path = VDSelectorArgument.h; sourceTree = "<group>"; };
		FE416F8B1D2CFFA900518C78 /* VDSelectorArgument.m */ = {isa = PBXFileReference; fileEncoding = 4; lastKnownFileType = sourcecode.c.objc; path = VDSelectorArgument.m; sourceTree = "<group>"; };
		FE416F8E1D2D030600518C78 /* NSObject+VDSelectorArgument.h */ = {isa = PBXFileReference; fileEncoding = 4; lastKnownFileType = sourcecode.c.h; path = "NSObject+VDSelectorArgument.h"; sourceTree = "<group>"; };
		FE416F8F1D2D030600518C78 /* NSObject+VDSelectorArgument.m */ = {isa = PBXFileReference; fileEncoding = 4; lastKnownFileType = sourcecode.c.objc; path = "NSObject+VDSelectorArgument.m"; sourceTree = "<group>"; };
		FE416FA51D2DE7E000518C78 /* VDThemeManager.h */ = {isa = PBXFileReference; fileEncoding = 4; lastKnownFileType = sourcecode.c.h; path = VDThemeManager.h; sourceTree = "<group>"; };
		FE416FA61D2DE7E000518C78 /* VDThemeManager.m */ = {isa = PBXFileReference; fileEncoding = 4; lastKnownFileType = sourcecode.c.objc; path = VDThemeManager.m; sourceTree = "<group>"; };
		FE416FA91D2DED9400518C78 /* NSObject+VDThemeManager.h */ = {isa = PBXFileReference; fileEncoding = 4; lastKnownFileType = sourcecode.c.h; path = "NSObject+VDThemeManager.h"; sourceTree = "<group>"; };
		FE416FAA1D2DED9400518C78 /* NSObject+VDThemeManager.m */ = {isa = PBXFileReference; fileEncoding = 4; lastKnownFileType = sourcecode.c.objc; path = "NSObject+VDThemeManager.m"; sourceTree = "<group>"; };
		FE416FB11D2DEDC800518C78 /* VDThemeElement.h */ = {isa = PBXFileReference; fileEncoding = 4; lastKnownFileType = sourcecode.c.h; path = VDThemeElement.h; sourceTree = "<group>"; };
		FE416FB21D2DEDC800518C78 /* VDThemeElement.m */ = {isa = PBXFileReference; fileEncoding = 4; lastKnownFileType = sourcecode.c.objc; path = VDThemeElement.m; sourceTree = "<group>"; };
		FE416FB51D2DEE1700518C78 /* VDThemeSelectorArgument.h */ = {isa = PBXFileReference; fileEncoding = 4; lastKnownFileType = sourcecode.c.h; path = VDThemeSelectorArgument.h; sourceTree = "<group>"; };
		FE416FB61D2DEE1700518C78 /* VDThemeSelectorArgument.m */ = {isa = PBXFileReference; fileEncoding = 4; lastKnownFileType = sourcecode.c.objc; path = VDThemeSelectorArgument.m; sourceTree = "<group>"; };
		FE416FE81D2E576A00518C78 /* UITableView+VDEnhance.h */ = {isa = PBXFileReference; fileEncoding = 4; lastKnownFileType = sourcecode.c.h; path = "UITableView+VDEnhance.h"; sourceTree = "<group>"; };
		FE416FE91D2E576A00518C78 /* UITableView+VDEnhance.m */ = {isa = PBXFileReference; fileEncoding = 4; lastKnownFileType = sourcecode.c.objc; path = "UITableView+VDEnhance.m"; sourceTree = "<group>"; };
		FE416FED1D2F44FC00518C78 /* UIView+VDAutoPanUp.h */ = {isa = PBXFileReference; fileEncoding = 4; lastKnownFileType = sourcecode.c.h; path = "UIView+VDAutoPanUp.h"; sourceTree = "<group>"; };
		FE416FEE1D2F44FC00518C78 /* UIView+VDAutoPanUp.m */ = {isa = PBXFileReference; fileEncoding = 4; lastKnownFileType = sourcecode.c.objc; path = "UIView+VDAutoPanUp.m"; sourceTree = "<group>"; };
		FE416FF11D2F45A300518C78 /* VDAutoPanUpManager.h */ = {isa = PBXFileReference; fileEncoding = 4; lastKnownFileType = sourcecode.c.h; path = VDAutoPanUpManager.h; sourceTree = "<group>"; };
		FE416FF21D2F45A300518C78 /* VDAutoPanUpManager.m */ = {isa = PBXFileReference; fileEncoding = 4; lastKnownFileType = sourcecode.c.objc; path = VDAutoPanUpManager.m; sourceTree = "<group>"; };
		FE416FF51D2F45D900518C78 /* VDAutoPanUpElement.h */ = {isa = PBXFileReference; fileEncoding = 4; lastKnownFileType = sourcecode.c.h; path = VDAutoPanUpElement.h; sourceTree = "<group>"; };
		FE416FF61D2F45D900518C78 /* VDAutoPanUpElement.m */ = {isa = PBXFileReference; fileEncoding = 4; lastKnownFileType = sourcecode.c.objc; path = VDAutoPanUpElement.m; sourceTree = "<group>"; };
		FE41703E1D2FAB8E00518C78 /* UISlider+VDEnhance.h */ = {isa = PBXFileReference; fileEncoding = 4; lastKnownFileType = sourcecode.c.h; path = "UISlider+VDEnhance.h"; sourceTree = "<group>"; };
		FE41703F1D2FAB8E00518C78 /* UISlider+VDEnhance.m */ = {isa = PBXFileReference; fileEncoding = 4; lastKnownFileType = sourcecode.c.objc; path = "UISlider+VDEnhance.m"; sourceTree = "<group>"; };
		FE41704B1D3344EA00518C78 /* UIViewController+VDHud.h */ = {isa = PBXFileReference; fileEncoding = 4; lastKnownFileType = sourcecode.c.h; path = "UIViewController+VDHud.h"; sourceTree = "<group>"; };
		FE41704C1D3344EA00518C78 /* UIViewController+VDHud.m */ = {isa = PBXFileReference; fileEncoding = 4; lastKnownFileType = sourcecode.c.objc; path = "UIViewController+VDHud.m"; sourceTree = "<group>"; };
		FE41704F1D3346B500518C78 /* VDHudMaskView.h */ = {isa = PBXFileReference; fileEncoding = 4; lastKnownFileType = sourcecode.c.h; path = VDHudMaskView.h; sourceTree = "<group>"; };
		FE4170501D3346B500518C78 /* VDHudMaskView.m */ = {isa = PBXFileReference; fileEncoding = 4; lastKnownFileType = sourcecode.c.objc; path = VDHudMaskView.m; sourceTree = "<group>"; };
		FE4170531D33624800518C78 /* UIView+VDHud.h */ = {isa = PBXFileReference; fileEncoding = 4; lastKnownFileType = sourcecode.c.h; path = "UIView+VDHud.h"; sourceTree = "<group>"; };
		FE4170541D33624800518C78 /* UIView+VDHud.m */ = {isa = PBXFileReference; fileEncoding = 4; lastKnownFileType = sourcecode.c.objc; path = "UIView+VDHud.m"; sourceTree = "<group>"; };
		FE4170661D3369E700518C78 /* VDHudViewController.h */ = {isa = PBXFileReference; fileEncoding = 4; lastKnownFileType = sourcecode.c.h; path = VDHudViewController.h; sourceTree = "<group>"; };
		FE4170671D3369E700518C78 /* VDHudViewController.m */ = {isa = PBXFileReference; fileEncoding = 4; lastKnownFileType = sourcecode.c.objc; path = VDHudViewController.m; sourceTree = "<group>"; };
		FE4170701D33788600518C78 /* VDLoadingView.h */ = {isa = PBXFileReference; fileEncoding = 4; lastKnownFileType = sourcecode.c.h; path = VDLoadingView.h; sourceTree = "<group>"; };
		FE4170711D33788600518C78 /* VDLoadingView.m */ = {isa = PBXFileReference; fileEncoding = 4; lastKnownFileType = sourcecode.c.objc; path = VDLoadingView.m; sourceTree = "<group>"; };
		FE4170811D338E1100518C78 /* VDLoadingLayer.h */ = {isa = PBXFileReference; fileEncoding = 4; lastKnownFileType = sourcecode.c.h; path = VDLoadingLayer.h; sourceTree = "<group>"; };
		FE4170821D338E1100518C78 /* VDLoadingLayer.m */ = {isa = PBXFileReference; fileEncoding = 4; lastKnownFileType = sourcecode.c.objc; path = VDLoadingLayer.m; sourceTree = "<group>"; };
		FE4170891D34B81D00518C78 /* VDLoadingAngularVariationView.h */ = {isa = PBXFileReference; fileEncoding = 4; lastKnownFileType = sourcecode.c.h; path = VDLoadingAngularVariationView.h; sourceTree = "<group>"; };
		FE41708A1D34B81D00518C78 /* VDLoadingAngularVariationView.m */ = {isa = PBXFileReference; fileEncoding = 4; lastKnownFileType = sourcecode.c.objc; path = VDLoadingAngularVariationView.m; sourceTree = "<group>"; };
		FE4170921D34DD5600518C78 /* VDSimpleHudViewController.h */ = {isa = PBXFileReference; fileEncoding = 4; lastKnownFileType = sourcecode.c.h; path = VDSimpleHudViewController.h; sourceTree = "<group>"; };
		FE4170931D34DD5600518C78 /* VDSimpleHudViewController.m */ = {isa = PBXFileReference; fileEncoding = 4; lastKnownFileType = sourcecode.c.objc; path = VDSimpleHudViewController.m; sourceTree = "<group>"; };
		FE41709F1D35E34000518C78 /* VDToastView.h */ = {isa = PBXFileReference; fileEncoding = 4; lastKnownFileType = sourcecode.c.h; path = VDToastView.h; sourceTree = "<group>"; };
		FE4170A01D35E34000518C78 /* VDToastView.m */ = {isa = PBXFileReference; fileEncoding = 4; lastKnownFileType = sourcecode.c.objc; path = VDToastView.m; sourceTree = "<group>"; };
		FE4170A81D35E93A00518C78 /* NSMutableArray+VDEnhance.h */ = {isa = PBXFileReference; fileEncoding = 4; lastKnownFileType = sourcecode.c.h; path = "NSMutableArray+VDEnhance.h"; sourceTree = "<group>"; };
		FE4170A91D35E93A00518C78 /* NSMutableArray+VDEnhance.m */ = {isa = PBXFileReference; fileEncoding = 4; lastKnownFileType = sourcecode.c.objc; path = "NSMutableArray+VDEnhance.m"; sourceTree = "<group>"; };
		FE4170CC1D3635B400518C78 /* VDInputManager.h */ = {isa = PBXFileReference; fileEncoding = 4; lastKnownFileType = sourcecode.c.h; path = VDInputManager.h; sourceTree = "<group>"; };
		FE4170CD1D3635B400518C78 /* VDInputManager.m */ = {isa = PBXFileReference; fileEncoding = 4; lastKnownFileType = sourcecode.c.objc; path = VDInputManager.m; sourceTree = "<group>"; };
		FE4170D41D363DC800518C78 /* UIView+VDInputManager.h */ = {isa = PBXFileReference; fileEncoding = 4; lastKnownFileType = sourcecode.c.h; path = "UIView+VDInputManager.h"; sourceTree = "<group>"; };
		FE4170D51D363DC800518C78 /* UIView+VDInputManager.m */ = {isa = PBXFileReference; fileEncoding = 4; lastKnownFileType = sourcecode.c.objc; path = "UIView+VDInputManager.m"; sourceTree = "<group>"; };
		FE4171101D375EF700518C78 /* UIView+VDTheme.h */ = {isa = PBXFileReference; fileEncoding = 4; lastKnownFileType = sourcecode.c.h; path = "UIView+VDTheme.h"; sourceTree = "<group>"; };
		FE4171111D375EF700518C78 /* UIView+VDTheme.m */ = {isa = PBXFileReference; fileEncoding = 4; lastKnownFileType = sourcecode.c.objc; path = "UIView+VDTheme.m"; sourceTree = "<group>"; };
		FE4171141D375F0700518C78 /* UIButton+VDTheme.h */ = {isa = PBXFileReference; fileEncoding = 4; lastKnownFileType = sourcecode.c.h; path = "UIButton+VDTheme.h"; sourceTree = "<group>"; };
		FE4171151D375F0700518C78 /* UIButton+VDTheme.m */ = {isa = PBXFileReference; fileEncoding = 4; lastKnownFileType = sourcecode.c.objc; path = "UIButton+VDTheme.m"; sourceTree = "<group>"; };
		FE4171181D375F1C00518C78 /* UINavigationBar+VDTheme.h */ = {isa = PBXFileReference; fileEncoding = 4; lastKnownFileType = sourcecode.c.h; path = "UINavigationBar+VDTheme.h"; sourceTree = "<group>"; };
		FE4171191D375F1C00518C78 /* UINavigationBar+VDTheme.m */ = {isa = PBXFileReference; fileEncoding = 4; lastKnownFileType = sourcecode.c.objc; path = "UINavigationBar+VDTheme.m"; sourceTree = "<group>"; };
		FE41711C1D375F2900518C78 /* UISlider+VDTheme.h */ = {isa = PBXFileReference; fileEncoding = 4; lastKnownFileType = sourcecode.c.h; path = "UISlider+VDTheme.h"; sourceTree = "<group>"; };
		FE41711D1D375F2900518C78 /* UISlider+VDTheme.m */ = {isa = PBXFileReference; fileEncoding = 4; lastKnownFileType = sourcecode.c.objc; path = "UISlider+VDTheme.m"; sourceTree = "<group>"; };
		FE4171201D375F3600518C78 /* UILabel+VDTheme.h */ = {isa = PBXFileReference; fileEncoding = 4; lastKnownFileType = sourcecode.c.h; path = "UILabel+VDTheme.h"; sourceTree = "<group>"; };
		FE4171211D375F3600518C78 /* UILabel+VDTheme.m */ = {isa = PBXFileReference; fileEncoding = 4; lastKnownFileType = sourcecode.c.objc; path = "UILabel+VDTheme.m"; sourceTree = "<group>"; };
		FE4171241D375F4500518C78 /* UIImageView+VDTheme.h */ = {isa = PBXFileReference; fileEncoding = 4; lastKnownFileType = sourcecode.c.h; path = "UIImageView+VDTheme.h"; sourceTree = "<group>"; };
		FE4171251D375F4500518C78 /* UIImageView+VDTheme.m */ = {isa = PBXFileReference; fileEncoding = 4; lastKnownFileType = sourcecode.c.objc; path = "UIImageView+VDTheme.m"; sourceTree = "<group>"; };
		FE615F371D23679B00AECD76 /* objcTemp.framework */ = {isa = PBXFileReference; explicitFileType = wrapper.framework; includeInIndex = 0; path = objcTemp.framework; sourceTree = BUILT_PRODUCTS_DIR; };
		FE615F3A1D23679B00AECD76 /* objcTemp.h */ = {isa = PBXFileReference; lastKnownFileType = sourcecode.c.h; path = objcTemp.h; sourceTree = "<group>"; };
		FE615F3C1D23679B00AECD76 /* Info.plist */ = {isa = PBXFileReference; lastKnownFileType = text.plist.xml; path = Info.plist; sourceTree = "<group>"; };
		FE615F411D23679B00AECD76 /* objcTempTests.xctest */ = {isa = PBXFileReference; explicitFileType = wrapper.cfbundle; includeInIndex = 0; path = objcTempTests.xctest; sourceTree = BUILT_PRODUCTS_DIR; };
		FE615F461D23679B00AECD76 /* objcTempTests.m */ = {isa = PBXFileReference; lastKnownFileType = sourcecode.c.objc; path = objcTempTests.m; sourceTree = "<group>"; };
		FE615F481D23679B00AECD76 /* Info.plist */ = {isa = PBXFileReference; lastKnownFileType = text.plist.xml; path = Info.plist; sourceTree = "<group>"; };
		FE615F521D2367B500AECD76 /* CALayer+VDEnhance.h */ = {isa = PBXFileReference; fileEncoding = 4; lastKnownFileType = sourcecode.c.h; path = "CALayer+VDEnhance.h"; sourceTree = "<group>"; };
		FE615F531D2367B500AECD76 /* CALayer+VDEnhance.m */ = {isa = PBXFileReference; fileEncoding = 4; lastKnownFileType = sourcecode.c.objc; path = "CALayer+VDEnhance.m"; sourceTree = "<group>"; };
		FE615F551D2367B500AECD76 /* VDFingerPrintViewController.h */ = {isa = PBXFileReference; fileEncoding = 4; lastKnownFileType = sourcecode.c.h; path = VDFingerPrintViewController.h; sourceTree = "<group>"; };
		FE615F561D2367B500AECD76 /* VDFingerPrintViewController.m */ = {isa = PBXFileReference; fileEncoding = 4; lastKnownFileType = sourcecode.c.objc; path = VDFingerPrintViewController.m; sourceTree = "<group>"; };
		FE615F581D2367B500AECD76 /* NSObject+VDHook.h */ = {isa = PBXFileReference; fileEncoding = 4; lastKnownFileType = sourcecode.c.h; path = "NSObject+VDHook.h"; sourceTree = "<group>"; };
		FE615F591D2367B500AECD76 /* NSObject+VDHook.m */ = {isa = PBXFileReference; fileEncoding = 4; lastKnownFileType = sourcecode.c.objc; path = "NSObject+VDHook.m"; sourceTree = "<group>"; };
		FE615F5A1D2367B500AECD76 /* VDHook.h */ = {isa = PBXFileReference; fileEncoding = 4; lastKnownFileType = sourcecode.c.h; path = VDHook.h; sourceTree = "<group>"; };
		FE615F5B1D2367B500AECD76 /* VDHook.m */ = {isa = PBXFileReference; fileEncoding = 4; lastKnownFileType = sourcecode.c.objc; path = VDHook.m; sourceTree = "<group>"; };
		FE615F5C1D2367B500AECD76 /* VDHookElement.h */ = {isa = PBXFileReference; fileEncoding = 4; lastKnownFileType = sourcecode.c.h; path = VDHookElement.h; sourceTree = "<group>"; };
		FE615F5D1D2367B500AECD76 /* VDHookElement.m */ = {isa = PBXFileReference; fileEncoding = 4; lastKnownFileType = sourcecode.c.objc; path = VDHookElement.m; sourceTree = "<group>"; };
		FE615F5E1D2367B500AECD76 /* VDHookInvocationInfo.h */ = {isa = PBXFileReference; fileEncoding = 4; lastKnownFileType = sourcecode.c.h; path = VDHookInvocationInfo.h; sourceTree = "<group>"; };
		FE615F5F1D2367B500AECD76 /* VDHookInvocationInfo.m */ = {isa = PBXFileReference; fileEncoding = 4; lastKnownFileType = sourcecode.c.objc; path = VDHookInvocationInfo.m; sourceTree = "<group>"; };
		FE615F601D2367B500AECD76 /* VDHookRecorder.h */ = {isa = PBXFileReference; fileEncoding = 4; lastKnownFileType = sourcecode.c.h; path = VDHookRecorder.h; sourceTree = "<group>"; };
		FE615F611D2367B500AECD76 /* VDHookRecorder.m */ = {isa = PBXFileReference; fileEncoding = 4; lastKnownFileType = sourcecode.c.objc; path = VDHookRecorder.m; sourceTree = "<group>"; };
		FE615F631D2367B500AECD76 /* VDMacros.h */ = {isa = PBXFileReference; fileEncoding = 4; lastKnownFileType = sourcecode.c.h; path = VDMacros.h; sourceTree = "<group>"; };
		FE615F651D2367B500AECD76 /* NSDictionary+VDEnhance.h */ = {isa = PBXFileReference; fileEncoding = 4; lastKnownFileType = sourcecode.c.h; path = "NSDictionary+VDEnhance.h"; sourceTree = "<group>"; };
		FE615F661D2367B500AECD76 /* NSDictionary+VDEnhance.m */ = {isa = PBXFileReference; fileEncoding = 4; lastKnownFileType = sourcecode.c.objc; path = "NSDictionary+VDEnhance.m"; sourceTree = "<group>"; };
		FE615F681D2367B500AECD76 /* NSObject+VDEnhance.h */ = {isa = PBXFileReference; fileEncoding = 4; lastKnownFileType = sourcecode.c.h; path = "NSObject+VDEnhance.h"; sourceTree = "<group>"; };
		FE615F691D2367B500AECD76 /* NSObject+VDEnhance.m */ = {isa = PBXFileReference; fileEncoding = 4; lastKnownFileType = sourcecode.c.objc; path = "NSObject+VDEnhance.m"; sourceTree = "<group>"; };
		FE615F6B1D2367B500AECD76 /* VDDelayOperation.h */ = {isa = PBXFileReference; fileEncoding = 4; lastKnownFileType = sourcecode.c.h; path = VDDelayOperation.h; sourceTree = "<group>"; };
		FE615F6C1D2367B500AECD76 /* VDDelayOperation.m */ = {isa = PBXFileReference; fileEncoding = 4; lastKnownFileType = sourcecode.c.objc; path = VDDelayOperation.m; sourceTree = "<group>"; };
		FE615F6E1D2367B500AECD76 /* NSString+VDEnhance.h */ = {isa = PBXFileReference; fileEncoding = 4; lastKnownFileType = sourcecode.c.h; path = "NSString+VDEnhance.h"; sourceTree = "<group>"; };
		FE615F6F1D2367B500AECD76 /* NSString+VDEnhance.m */ = {isa = PBXFileReference; fileEncoding = 4; lastKnownFileType = sourcecode.c.objc; path = "NSString+VDEnhance.m"; sourceTree = "<group>"; };
		FE615F701D2367B500AECD76 /* NSString+VDJavaScript.h */ = {isa = PBXFileReference; fileEncoding = 4; lastKnownFileType = sourcecode.c.h; path = "NSString+VDJavaScript.h"; sourceTree = "<group>"; };
		FE615F711D2367B500AECD76 /* NSString+VDJavaScript.m */ = {isa = PBXFileReference; fileEncoding = 4; lastKnownFileType = sourcecode.c.objc; path = "NSString+VDJavaScript.m"; sourceTree = "<group>"; };
		FE615F721D2367B500AECD76 /* NSString+VDRegex.h */ = {isa = PBXFileReference; fileEncoding = 4; lastKnownFileType = sourcecode.c.h; path = "NSString+VDRegex.h"; sourceTree = "<group>"; };
		FE615F731D2367B500AECD76 /* NSString+VDRegex.m */ = {isa = PBXFileReference; fileEncoding = 4; lastKnownFileType = sourcecode.c.objc; path = "NSString+VDRegex.m"; sourceTree = "<group>"; };
		FE615F751D2367B500AECD76 /* UIViewController+VDRouter.h */ = {isa = PBXFileReference; fileEncoding = 4; lastKnownFileType = sourcecode.c.h; path = "UIViewController+VDRouter.h"; sourceTree = "<group>"; };
		FE615F761D2367B500AECD76 /* UIViewController+VDRouter.m */ = {isa = PBXFileReference; fileEncoding = 4; lastKnownFileType = sourcecode.c.objc; path = "UIViewController+VDRouter.m"; sourceTree = "<group>"; };
		FE615F771D2367B500AECD76 /* VDRouter.h */ = {isa = PBXFileReference; fileEncoding = 4; lastKnownFileType = sourcecode.c.h; path = VDRouter.h; sourceTree = "<group>"; };
		FE615F781D2367B500AECD76 /* VDRouter.m */ = {isa = PBXFileReference; fileEncoding = 4; lastKnownFileType = sourcecode.c.objc; path = VDRouter.m; sourceTree = "<group>"; };
		FE615F791D2367B500AECD76 /* VDRouterNavigationViewController.h */ = {isa = PBXFileReference; fileEncoding = 4; lastKnownFileType = sourcecode.c.h; path = VDRouterNavigationViewController.h; sourceTree = "<group>"; };
		FE615F7A1D2367B500AECD76 /* VDRouterNavigationViewController.m */ = {isa = PBXFileReference; fileEncoding = 4; lastKnownFileType = sourcecode.c.objc; path = VDRouterNavigationViewController.m; sourceTree = "<group>"; };
		FE615F7C1D2367B500AECD76 /* UIApplication+VDEnhance.h */ = {isa = PBXFileReference; fileEncoding = 4; lastKnownFileType = sourcecode.c.h; path = "UIApplication+VDEnhance.h"; sourceTree = "<group>"; };
		FE615F7D1D2367B500AECD76 /* UIApplication+VDEnhance.m */ = {isa = PBXFileReference; fileEncoding = 4; lastKnownFileType = sourcecode.c.objc; path = "UIApplication+VDEnhance.m"; sourceTree = "<group>"; };
		FE615F7F1D2367B500AECD76 /* UICollectionViewCell+VDEnhance.h */ = {isa = PBXFileReference; fileEncoding = 4; lastKnownFileType = sourcecode.c.h; path = "UICollectionViewCell+VDEnhance.h"; sourceTree = "<group>"; };
		FE615F801D2367B500AECD76 /* UICollectionViewCell+VDEnhance.m */ = {isa = PBXFileReference; fileEncoding = 4; lastKnownFileType = sourcecode.c.objc; path = "UICollectionViewCell+VDEnhance.m"; sourceTree = "<group>"; };
		FE615F821D2367B500AECD76 /* UIColor+VDEnhance.h */ = {isa = PBXFileReference; fileEncoding = 4; lastKnownFileType = sourcecode.c.h; path = "UIColor+VDEnhance.h"; sourceTree = "<group>"; };
		FE615F831D2367B500AECD76 /* UIColor+VDEnhance.m */ = {isa = PBXFileReference; fileEncoding = 4; lastKnownFileType = sourcecode.c.objc; path = "UIColor+VDEnhance.m"; sourceTree = "<group>"; };
		FE615F851D2367B500AECD76 /* UIImage+VDEnhance.h */ = {isa = PBXFileReference; fileEncoding = 4; lastKnownFileType = sourcecode.c.h; path = "UIImage+VDEnhance.h"; sourceTree = "<group>"; };
		FE615F861D2367B500AECD76 /* UIImage+VDEnhance.m */ = {isa = PBXFileReference; fileEncoding = 4; lastKnownFileType = sourcecode.c.objc; path = "UIImage+VDEnhance.m"; sourceTree = "<group>"; };
		FE615F881D2367B500AECD76 /* UILabel+VDEnhance.h */ = {isa = PBXFileReference; fileEncoding = 4; lastKnownFileType = sourcecode.c.h; path = "UILabel+VDEnhance.h"; sourceTree = "<group>"; };
		FE615F891D2367B500AECD76 /* UILabel+VDEnhance.m */ = {isa = PBXFileReference; fileEncoding = 4; lastKnownFileType = sourcecode.c.objc; path = "UILabel+VDEnhance.m"; sourceTree = "<group>"; };
		FE615F8A1D2367B500AECD76 /* UILabel+VDVerticalAlignment.h */ = {isa = PBXFileReference; fileEncoding = 4; lastKnownFileType = sourcecode.c.h; path = "UILabel+VDVerticalAlignment.h"; sourceTree = "<group>"; };
		FE615F8B1D2367B500AECD76 /* UILabel+VDVerticalAlignment.m */ = {isa = PBXFileReference; fileEncoding = 4; lastKnownFileType = sourcecode.c.objc; path = "UILabel+VDVerticalAlignment.m"; sourceTree = "<group>"; };
		FE615F8D1D2367B500AECD76 /* UIScrollView+VDEnhance.h */ = {isa = PBXFileReference; fileEncoding = 4; lastKnownFileType = sourcecode.c.h; path = "UIScrollView+VDEnhance.h"; sourceTree = "<group>"; };
		FE615F8E1D2367B500AECD76 /* UIScrollView+VDEnhance.m */ = {isa = PBXFileReference; fileEncoding = 4; lastKnownFileType = sourcecode.c.objc; path = "UIScrollView+VDEnhance.m"; sourceTree = "<group>"; };
		FE615F901D2367B500AECD76 /* UIView+VDConstraint.h */ = {isa = PBXFileReference; fileEncoding = 4; lastKnownFileType = sourcecode.c.h; path = "UIView+VDConstraint.h"; sourceTree = "<group>"; };
		FE615F911D2367B500AECD76 /* UIView+VDConstraint.m */ = {isa = PBXFileReference; fileEncoding = 4; lastKnownFileType = sourcecode.c.objc; path = "UIView+VDConstraint.m"; sourceTree = "<group>"; };
		FE615F921D2367B500AECD76 /* UIView+VDEnhance.h */ = {isa = PBXFileReference; fileEncoding = 4; lastKnownFileType = sourcecode.c.h; path = "UIView+VDEnhance.h"; sourceTree = "<group>"; };
		FE615F931D2367B500AECD76 /* UIView+VDEnhance.m */ = {isa = PBXFileReference; fileEncoding = 4; lastKnownFileType = sourcecode.c.objc; path = "UIView+VDEnhance.m"; sourceTree = "<group>"; };
		FE615F941D2367B500AECD76 /* UIView+VDFrame.h */ = {isa = PBXFileReference; fileEncoding = 4; lastKnownFileType = sourcecode.c.h; path = "UIView+VDFrame.h"; sourceTree = "<group>"; };
		FE615F951D2367B500AECD76 /* UIView+VDFrame.m */ = {isa = PBXFileReference; fileEncoding = 4; lastKnownFileType = sourcecode.c.objc; path = "UIView+VDFrame.m"; sourceTree = "<group>"; };
		FE615F961D2367B500AECD76 /* UIView+VDGesture.h */ = {isa = PBXFileReference; fileEncoding = 4; lastKnownFileType = sourcecode.c.h; path = "UIView+VDGesture.h"; sourceTree = "<group>"; };
		FE615F971D2367B500AECD76 /* UIView+VDGesture.m */ = {isa = PBXFileReference; fileEncoding = 4; lastKnownFileType = sourcecode.c.objc; path = "UIView+VDGesture.m"; sourceTree = "<group>"; };
		FE615F991D2367B500AECD76 /* UIViewController+VDEnhance.h */ = {isa = PBXFileReference; fileEncoding = 4; lastKnownFileType = sourcecode.c.h; path = "UIViewController+VDEnhance.h"; sourceTree = "<group>"; };
		FE615F9A1D2367B500AECD76 /* UIViewController+VDEnhance.m */ = {isa = PBXFileReference; fileEncoding = 4; lastKnownFileType = sourcecode.c.objc; path = "UIViewController+VDEnhance.m"; sourceTree = "<group>"; };
		FE615F9C1D2367B500AECD76 /* VDWeakRef.h */ = {isa = PBXFileReference; fileEncoding = 4; lastKnownFileType = sourcecode.c.h; path = VDWeakRef.h; sourceTree = "<group>"; };
		FE615F9D1D2367B500AECD76 /* VDWeakRef.m */ = {isa = PBXFileReference; fileEncoding = 4; lastKnownFileType = sourcecode.c.objc; path = VDWeakRef.m; sourceTree = "<group>"; };
		FE6400171D3F49EF00652BAC /* UIScrollView+VDPullRefresh.h */ = {isa = PBXFileReference; fileEncoding = 4; lastKnownFileType = sourcecode.c.h; path = "UIScrollView+VDPullRefresh.h"; sourceTree = "<group>"; };
		FE6400181D3F49EF00652BAC /* UIScrollView+VDPullRefresh.m */ = {isa = PBXFileReference; fileEncoding = 4; lastKnownFileType = sourcecode.c.objc; path = "UIScrollView+VDPullRefresh.m"; sourceTree = "<group>"; };
		FE64001B1D3F4E8E00652BAC /* VDPullRefreshManager.h */ = {isa = PBXFileReference; fileEncoding = 4; lastKnownFileType = sourcecode.c.h; path = VDPullRefreshManager.h; sourceTree = "<group>"; };
		FE64001C1D3F4E8E00652BAC /* VDPullRefreshManager.m */ = {isa = PBXFileReference; fileEncoding = 4; lastKnownFileType = sourcecode.c.objc; path = VDPullRefreshManager.m; sourceTree = "<group>"; };
		FE64001F1D3F4E9C00652BAC /* VDPullRefreshElement.h */ = {isa = PBXFileReference; fileEncoding = 4; lastKnownFileType = sourcecode.c.h; path = VDPullRefreshElement.h; sourceTree = "<group>"; };
		FE6400201D3F4E9C00652BAC /* VDPullRefreshElement.m */ = {isa = PBXFileReference; fileEncoding = 4; lastKnownFileType = sourcecode.c.objc; path = VDPullRefreshElement.m; sourceTree = "<group>"; };
		FE64002A1D40AC3C00652BAC /* VDDefaultPullingView.h */ = {isa = PBXFileReference; fileEncoding = 4; lastKnownFileType = sourcecode.c.h; path = VDDefaultPullingView.h; sourceTree = "<group>"; };
		FE64002B1D40AC3C00652BAC /* VDDefaultPullingView.m */ = {isa = PBXFileReference; fileEncoding = 4; lastKnownFileType = sourcecode.c.objc; path = VDDefaultPullingView.m; sourceTree = "<group>"; };
		FE6400851D45AEC200652BAC /* UICollectionView+VDEnhance.h */ = {isa = PBXFileReference; fileEncoding = 4; lastKnownFileType = sourcecode.c.h; path = "UICollectionView+VDEnhance.h"; sourceTree = "<group>"; };
		FE6400861D45AEC200652BAC /* UICollectionView+VDEnhance.m */ = {isa = PBXFileReference; fileEncoding = 4; lastKnownFileType = sourcecode.c.objc; path = "UICollectionView+VDEnhance.m"; sourceTree = "<group>"; };
		FE6400901D45B1D600652BAC /* VDKVOElement.h */ = {isa = PBXFileReference; fileEncoding = 4; lastKnownFileType = sourcecode.c.h; path = VDKVOElement.h; sourceTree = "<group>"; };
		FE6400911D45B1D600652BAC /* VDKVOElement.m */ = {isa = PBXFileReference; fileEncoding = 4; lastKnownFileType = sourcecode.c.objc; path = VDKVOElement.m; sourceTree = "<group>"; };
		FE6400941D45B60D00652BAC /* NSObject+VDKVO.h */ = {isa = PBXFileReference; fileEncoding = 4; lastKnownFileType = sourcecode.c.h; path = "NSObject+VDKVO.h"; sourceTree = "<group>"; };
		FE6400951D45B60D00652BAC /* NSObject+VDKVO.m */ = {isa = PBXFileReference; fileEncoding = 4; lastKnownFileType = sourcecode.c.objc; path = "NSObject+VDKVO.m"; sourceTree = "<group>"; };
		FE6400981D45B74300652BAC /* VDNotificationElement.h */ = {isa = PBXFileReference; fileEncoding = 4; lastKnownFileType = sourcecode.c.h; path = VDNotificationElement.h; sourceTree = "<group>"; };
		FE6400991D45B74300652BAC /* VDNotificationElement.m */ = {isa = PBXFileReference; fileEncoding = 4; lastKnownFileType = sourcecode.c.objc; path = VDNotificationElement.m; sourceTree = "<group>"; };
		FE64009C1D45B9F100652BAC /* NSObject+VDNotification.h */ = {isa = PBXFileReference; fileEncoding = 4; lastKnownFileType = sourcecode.c.h; path = "NSObject+VDNotification.h"; sourceTree = "<group>"; };
		FE64009D1D45B9F100652BAC /* NSObject+VDNotification.m */ = {isa = PBXFileReference; fileEncoding = 4; lastKnownFileType = sourcecode.c.objc; path = "NSObject+VDNotification.m"; sourceTree = "<group>"; };
		FE6400D31D48649C00652BAC /* VDBusinessProcess.h */ = {isa = PBXFileReference; fileEncoding = 4; lastKnownFileType = sourcecode.c.h; path = VDBusinessProcess.h; sourceTree = "<group>"; };
		FE6400D41D48649C00652BAC /* VDBusinessProcess.m */ = {isa = PBXFileReference; fileEncoding = 4; lastKnownFileType = sourcecode.c.objc; path = VDBusinessProcess.m; sourceTree = "<group>"; };
		FE6400F91D49F47800652BAC /* VDGCDTimer.h */ = {isa = PBXFileReference; fileEncoding = 4; lastKnownFileType = sourcecode.c.h; path = VDGCDTimer.h; sourceTree = "<group>"; };
		FE6400FA1D49F47800652BAC /* VDGCDTimer.m */ = {isa = PBXFileReference; fileEncoding = 4; lastKnownFileType = sourcecode.c.objc; path = VDGCDTimer.m; sourceTree = "<group>"; };
		FECA263B1D25030B00ED8FDD /* objcTemp.podspec */ = {isa = PBXFileReference; fileEncoding = 4; lastKnownFileType = text; path = objcTemp.podspec; sourceTree = "<group>"; };
		FECA263C1D25030B00ED8FDD /* README.md */ = {isa = PBXFileReference; fileEncoding = 4; lastKnownFileType = net.daringfireball.markdown; path = README.md; sourceTree = "<group>"; };
		FECA26881D25147000ED8FDD /* VDProperty.h */ = {isa = PBXFileReference; fileEncoding = 4; lastKnownFileType = sourcecode.c.h; path = VDProperty.h; sourceTree = "<group>"; };
		FECA26891D25147000ED8FDD /* VDProperty.m */ = {isa = PBXFileReference; fileEncoding = 4; lastKnownFileType = sourcecode.c.objc; path = VDProperty.m; sourceTree = "<group>"; };
		FECA268C1D2516FD00ED8FDD /* NSObject+VDProperty.h */ = {isa = PBXFileReference; fileEncoding = 4; lastKnownFileType = sourcecode.c.h; path = "NSObject+VDProperty.h"; sourceTree = "<group>"; };
		FECA268D1D2516FD00ED8FDD /* NSObject+VDProperty.m */ = {isa = PBXFileReference; fileEncoding = 4; lastKnownFileType = sourcecode.c.objc; path = "NSObject+VDProperty.m"; sourceTree = "<group>"; };
		FECA26911D25215F00ED8FDD /* VDJsonObject.h */ = {isa = PBXFileReference; fileEncoding = 4; lastKnownFileType = sourcecode.c.h; path = VDJsonObject.h; sourceTree = "<group>"; };
		FECA26921D25215F00ED8FDD /* VDJsonObject.m */ = {isa = PBXFileReference; fileEncoding = 4; lastKnownFileType = sourcecode.c.objc; path = VDJsonObject.m; sourceTree = "<group>"; };
		FECA26AD1D26556800ED8FDD /* NSObject+VDPersistent.h */ = {isa = PBXFileReference; fileEncoding = 4; lastKnownFileType = sourcecode.c.h; path = "NSObject+VDPersistent.h"; sourceTree = "<group>"; };
		FECA26AE1D26556800ED8FDD /* NSObject+VDPersistent.m */ = {isa = PBXFileReference; fileEncoding = 4; lastKnownFileType = sourcecode.c.objc; path = "NSObject+VDPersistent.m"; sourceTree = "<group>"; };
/* End PBXFileReference section */

/* Begin PBXFrameworksBuildPhase section */
		FE615F331D23679B00AECD76 /* Frameworks */ = {
			isa = PBXFrameworksBuildPhase;
			buildActionMask = 2147483647;
			files = (
			);
			runOnlyForDeploymentPostprocessing = 0;
		};
		FE615F3E1D23679B00AECD76 /* Frameworks */ = {
			isa = PBXFrameworksBuildPhase;
			buildActionMask = 2147483647;
			files = (
				FE615F421D23679B00AECD76 /* objcTemp.framework in Frameworks */,
			);
			runOnlyForDeploymentPostprocessing = 0;
		};
/* End PBXFrameworksBuildPhase section */

/* Begin PBXGroup section */
		FE416F6C1D2CA69F00518C78 /* UITableView */ = {
			isa = PBXGroup;
			children = (
				FE416F6D1D2CA6CE00518C78 /* UITableViewCell+VDEnhance.h */,
				FE416F6E1D2CA6CE00518C78 /* UITableViewCell+VDEnhance.m */,
				FE416FE81D2E576A00518C78 /* UITableView+VDEnhance.h */,
				FE416FE91D2E576A00518C78 /* UITableView+VDEnhance.m */,
			);
			path = UITableView;
			sourceTree = "<group>";
		};
		FE416F891D2CFF9E00518C78 /* SelectorArgument */ = {
			isa = PBXGroup;
			children = (
				FE416F8A1D2CFFA900518C78 /* VDSelectorArgument.h */,
				FE416F8B1D2CFFA900518C78 /* VDSelectorArgument.m */,
				FE416F8E1D2D030600518C78 /* NSObject+VDSelectorArgument.h */,
				FE416F8F1D2D030600518C78 /* NSObject+VDSelectorArgument.m */,
			);
			path = SelectorArgument;
			sourceTree = "<group>";
		};
		FE416FA41D2DE7CA00518C78 /* Theme */ = {
			isa = PBXGroup;
			children = (
				FE416FA51D2DE7E000518C78 /* VDThemeManager.h */,
				FE416FA61D2DE7E000518C78 /* VDThemeManager.m */,
				FE416FA91D2DED9400518C78 /* NSObject+VDThemeManager.h */,
				FE416FAA1D2DED9400518C78 /* NSObject+VDThemeManager.m */,
				FE416FB11D2DEDC800518C78 /* VDThemeElement.h */,
				FE416FB21D2DEDC800518C78 /* VDThemeElement.m */,
				FE416FB51D2DEE1700518C78 /* VDThemeSelectorArgument.h */,
				FE416FB61D2DEE1700518C78 /* VDThemeSelectorArgument.m */,
				FE4171101D375EF700518C78 /* UIView+VDTheme.h */,
				FE4171111D375EF700518C78 /* UIView+VDTheme.m */,
				FE4171141D375F0700518C78 /* UIButton+VDTheme.h */,
				FE4171151D375F0700518C78 /* UIButton+VDTheme.m */,
				FE4171181D375F1C00518C78 /* UINavigationBar+VDTheme.h */,
				FE4171191D375F1C00518C78 /* UINavigationBar+VDTheme.m */,
				FE41711C1D375F2900518C78 /* UISlider+VDTheme.h */,
				FE41711D1D375F2900518C78 /* UISlider+VDTheme.m */,
				FE4171201D375F3600518C78 /* UILabel+VDTheme.h */,
				FE4171211D375F3600518C78 /* UILabel+VDTheme.m */,
				FE4171241D375F4500518C78 /* UIImageView+VDTheme.h */,
				FE4171251D375F4500518C78 /* UIImageView+VDTheme.m */,
			);
			path = Theme;
			sourceTree = "<group>";
		};
		FE416FEC1D2F439300518C78 /* Input */ = {
			isa = PBXGroup;
			children = (
				FE416FED1D2F44FC00518C78 /* UIView+VDAutoPanUp.h */,
				FE416FEE1D2F44FC00518C78 /* UIView+VDAutoPanUp.m */,
				FE416FF11D2F45A300518C78 /* VDAutoPanUpManager.h */,
				FE416FF21D2F45A300518C78 /* VDAutoPanUpManager.m */,
				FE416FF51D2F45D900518C78 /* VDAutoPanUpElement.h */,
				FE416FF61D2F45D900518C78 /* VDAutoPanUpElement.m */,
				FE4170CC1D3635B400518C78 /* VDInputManager.h */,
				FE4170CD1D3635B400518C78 /* VDInputManager.m */,
				FE4170D41D363DC800518C78 /* UIView+VDInputManager.h */,
				FE4170D51D363DC800518C78 /* UIView+VDInputManager.m */,
			);
			path = Input;
			sourceTree = "<group>";
		};
		FE41703D1D2FAB7A00518C78 /* UISlider */ = {
			isa = PBXGroup;
			children = (
				FE41703E1D2FAB8E00518C78 /* UISlider+VDEnhance.h */,
				FE41703F1D2FAB8E00518C78 /* UISlider+VDEnhance.m */,
			);
			path = UISlider;
			sourceTree = "<group>";
		};
		FE41704A1D33431F00518C78 /* Hud */ = {
			isa = PBXGroup;
			children = (
				FE41704B1D3344EA00518C78 /* UIViewController+VDHud.h */,
				FE41704C1D3344EA00518C78 /* UIViewController+VDHud.m */,
				FE41704F1D3346B500518C78 /* VDHudMaskView.h */,
				FE4170501D3346B500518C78 /* VDHudMaskView.m */,
				FE4170531D33624800518C78 /* UIView+VDHud.h */,
				FE4170541D33624800518C78 /* UIView+VDHud.m */,
				FE4170661D3369E700518C78 /* VDHudViewController.h */,
				FE4170671D3369E700518C78 /* VDHudViewController.m */,
				FE4170921D34DD5600518C78 /* VDSimpleHudViewController.h */,
				FE4170931D34DD5600518C78 /* VDSimpleHudViewController.m */,
				FE41709F1D35E34000518C78 /* VDToastView.h */,
				FE4170A01D35E34000518C78 /* VDToastView.m */,
			);
			path = Hud;
			sourceTree = "<group>";
		};
		FE41706F1D33778000518C78 /* Loading */ = {
			isa = PBXGroup;
			children = (
				FE4170701D33788600518C78 /* VDLoadingView.h */,
				FE4170711D33788600518C78 /* VDLoadingView.m */,
				FE4170811D338E1100518C78 /* VDLoadingLayer.h */,
				FE4170821D338E1100518C78 /* VDLoadingLayer.m */,
				FE4170891D34B81D00518C78 /* VDLoadingAngularVariationView.h */,
				FE41708A1D34B81D00518C78 /* VDLoadingAngularVariationView.m */,
			);
			path = Loading;
			sourceTree = "<group>";
		};
		FE4170A31D35E8C900518C78 /* NSArray */ = {
			isa = PBXGroup;
			children = (
				FE4170A81D35E93A00518C78 /* NSMutableArray+VDEnhance.h */,
				FE4170A91D35E93A00518C78 /* NSMutableArray+VDEnhance.m */,
			);
			path = NSArray;
			sourceTree = "<group>";
		};
		FE615F2D1D23679B00AECD76 = {
			isa = PBXGroup;
			children = (
				FE615F391D23679B00AECD76 /* objcTemp */,
				FE615F451D23679B00AECD76 /* objcTempTests */,
				FE615F381D23679B00AECD76 /* Products */,
				FECA263B1D25030B00ED8FDD /* objcTemp.podspec */,
				FECA263C1D25030B00ED8FDD /* README.md */,
			);
			sourceTree = "<group>";
		};
		FE615F381D23679B00AECD76 /* Products */ = {
			isa = PBXGroup;
			children = (
				FE615F371D23679B00AECD76 /* objcTemp.framework */,
				FE615F411D23679B00AECD76 /* objcTempTests.xctest */,
			);
			name = Products;
			sourceTree = "<group>";
		};
		FE615F391D23679B00AECD76 /* objcTemp */ = {
			isa = PBXGroup;
			children = (
				FE6400F81D49F46900652BAC /* Timer */,
				FE6400D21D48649000652BAC /* BusinessProcess */,
				FE64008E1D45B1C600652BAC /* KVO */,
				FE64008F1D45B1C600652BAC /* NSNotification */,
				FE6400161D3F49BD00652BAC /* PullToRefresh */,
				FE4170A31D35E8C900518C78 /* NSArray */,
				FE41706F1D33778000518C78 /* Loading */,
				FE41704A1D33431F00518C78 /* Hud */,
				FE41703D1D2FAB7A00518C78 /* UISlider */,
				FE416FEC1D2F439300518C78 /* Input */,
				FE416FA41D2DE7CA00518C78 /* Theme */,
				FE416F891D2CFF9E00518C78 /* SelectorArgument */,
				FE416F6C1D2CA69F00518C78 /* UITableView */,
				FECA26AC1D2653D200ED8FDD /* Persistent */,
				FECA26901D251A9A00ED8FDD /* Json */,
				FECA26871D25146300ED8FDD /* Property */,
				FE615F511D2367B500AECD76 /* CALayer */,
				FE615F541D2367B500AECD76 /* FingerPrint */,
				FE615F571D2367B500AECD76 /* Hook */,
				FE615F621D2367B500AECD76 /* Macros */,
				FE615F641D2367B500AECD76 /* NSDictionary */,
				FE615F671D2367B500AECD76 /* NSObject */,
				FE615F6A1D2367B500AECD76 /* NSOperation */,
				FE615F6D1D2367B500AECD76 /* NSString */,
				FE615F741D2367B500AECD76 /* Router */,
				FE615F7B1D2367B500AECD76 /* UIApplication */,
				FE615F7E1D2367B500AECD76 /* UICollectionViewCell */,
				FE615F811D2367B500AECD76 /* UIColor */,
				FE615F841D2367B500AECD76 /* UIImage */,
				FE615F871D2367B500AECD76 /* UILabel */,
				FE615F8C1D2367B500AECD76 /* UIScrollView */,
				FE615F8F1D2367B500AECD76 /* UIView */,
				FE615F981D2367B500AECD76 /* UIViewController */,
				FE615F9B1D2367B500AECD76 /* WeakRef */,
				FE615F3A1D23679B00AECD76 /* objcTemp.h */,
				FE615F3C1D23679B00AECD76 /* Info.plist */,
			);
			path = objcTemp;
			sourceTree = "<group>";
		};
		FE615F451D23679B00AECD76 /* objcTempTests */ = {
			isa = PBXGroup;
			children = (
				FE615F461D23679B00AECD76 /* objcTempTests.m */,
				FE615F481D23679B00AECD76 /* Info.plist */,
			);
			path = objcTempTests;
			sourceTree = "<group>";
		};
		FE615F511D2367B500AECD76 /* CALayer */ = {
			isa = PBXGroup;
			children = (
				FE615F521D2367B500AECD76 /* CALayer+VDEnhance.h */,
				FE615F531D2367B500AECD76 /* CALayer+VDEnhance.m */,
			);
			path = CALayer;
			sourceTree = "<group>";
		};
		FE615F541D2367B500AECD76 /* FingerPrint */ = {
			isa = PBXGroup;
			children = (
				FE615F551D2367B500AECD76 /* VDFingerPrintViewController.h */,
				FE615F561D2367B500AECD76 /* VDFingerPrintViewController.m */,
			);
			path = FingerPrint;
			sourceTree = "<group>";
		};
		FE615F571D2367B500AECD76 /* Hook */ = {
			isa = PBXGroup;
			children = (
				FE615F581D2367B500AECD76 /* NSObject+VDHook.h */,
				FE615F591D2367B500AECD76 /* NSObject+VDHook.m */,
				FE615F5A1D2367B500AECD76 /* VDHook.h */,
				FE615F5B1D2367B500AECD76 /* VDHook.m */,
				FE615F5C1D2367B500AECD76 /* VDHookElement.h */,
				FE615F5D1D2367B500AECD76 /* VDHookElement.m */,
				FE615F5E1D2367B500AECD76 /* VDHookInvocationInfo.h */,
				FE615F5F1D2367B500AECD76 /* VDHookInvocationInfo.m */,
				FE615F601D2367B500AECD76 /* VDHookRecorder.h */,
				FE615F611D2367B500AECD76 /* VDHookRecorder.m */,
			);
			path = Hook;
			sourceTree = "<group>";
		};
		FE615F621D2367B500AECD76 /* Macros */ = {
			isa = PBXGroup;
			children = (
				FE615F631D2367B500AECD76 /* VDMacros.h */,
			);
			path = Macros;
			sourceTree = "<group>";
		};
		FE615F641D2367B500AECD76 /* NSDictionary */ = {
			isa = PBXGroup;
			children = (
				FE615F651D2367B500AECD76 /* NSDictionary+VDEnhance.h */,
				FE615F661D2367B500AECD76 /* NSDictionary+VDEnhance.m */,
			);
			path = NSDictionary;
			sourceTree = "<group>";
		};
		FE615F671D2367B500AECD76 /* NSObject */ = {
			isa = PBXGroup;
			children = (
				FE615F681D2367B500AECD76 /* NSObject+VDEnhance.h */,
				FE615F691D2367B500AECD76 /* NSObject+VDEnhance.m */,
			);
			path = NSObject;
			sourceTree = "<group>";
		};
		FE615F6A1D2367B500AECD76 /* NSOperation */ = {
			isa = PBXGroup;
			children = (
				FE615F6B1D2367B500AECD76 /* VDDelayOperation.h */,
				FE615F6C1D2367B500AECD76 /* VDDelayOperation.m */,
			);
			path = NSOperation;
			sourceTree = "<group>";
		};
		FE615F6D1D2367B500AECD76 /* NSString */ = {
			isa = PBXGroup;
			children = (
				FE615F6E1D2367B500AECD76 /* NSString+VDEnhance.h */,
				FE615F6F1D2367B500AECD76 /* NSString+VDEnhance.m */,
				FE615F701D2367B500AECD76 /* NSString+VDJavaScript.h */,
				FE615F711D2367B500AECD76 /* NSString+VDJavaScript.m */,
				FE615F721D2367B500AECD76 /* NSString+VDRegex.h */,
				FE615F731D2367B500AECD76 /* NSString+VDRegex.m */,
			);
			path = NSString;
			sourceTree = "<group>";
		};
		FE615F741D2367B500AECD76 /* Router */ = {
			isa = PBXGroup;
			children = (
				FE615F751D2367B500AECD76 /* UIViewController+VDRouter.h */,
				FE615F761D2367B500AECD76 /* UIViewController+VDRouter.m */,
				FE615F771D2367B500AECD76 /* VDRouter.h */,
				FE615F781D2367B500AECD76 /* VDRouter.m */,
				FE615F791D2367B500AECD76 /* VDRouterNavigationViewController.h */,
				FE615F7A1D2367B500AECD76 /* VDRouterNavigationViewController.m */,
			);
			path = Router;
			sourceTree = "<group>";
		};
		FE615F7B1D2367B500AECD76 /* UIApplication */ = {
			isa = PBXGroup;
			children = (
				FE615F7C1D2367B500AECD76 /* UIApplication+VDEnhance.h */,
				FE615F7D1D2367B500AECD76 /* UIApplication+VDEnhance.m */,
			);
			path = UIApplication;
			sourceTree = "<group>";
		};
		FE615F7E1D2367B500AECD76 /* UICollectionViewCell */ = {
			isa = PBXGroup;
			children = (
				FE615F7F1D2367B500AECD76 /* UICollectionViewCell+VDEnhance.h */,
				FE615F801D2367B500AECD76 /* UICollectionViewCell+VDEnhance.m */,
				FE6400851D45AEC200652BAC /* UICollectionView+VDEnhance.h */,
				FE6400861D45AEC200652BAC /* UICollectionView+VDEnhance.m */,
			);
			path = UICollectionViewCell;
			sourceTree = "<group>";
		};
		FE615F811D2367B500AECD76 /* UIColor */ = {
			isa = PBXGroup;
			children = (
				FE615F821D2367B500AECD76 /* UIColor+VDEnhance.h */,
				FE615F831D2367B500AECD76 /* UIColor+VDEnhance.m */,
			);
			path = UIColor;
			sourceTree = "<group>";
		};
		FE615F841D2367B500AECD76 /* UIImage */ = {
			isa = PBXGroup;
			children = (
				FE615F851D2367B500AECD76 /* UIImage+VDEnhance.h */,
				FE615F861D2367B500AECD76 /* UIImage+VDEnhance.m */,
			);
			path = UIImage;
			sourceTree = "<group>";
		};
		FE615F871D2367B500AECD76 /* UILabel */ = {
			isa = PBXGroup;
			children = (
				FE615F881D2367B500AECD76 /* UILabel+VDEnhance.h */,
				FE615F891D2367B500AECD76 /* UILabel+VDEnhance.m */,
				FE615F8A1D2367B500AECD76 /* UILabel+VDVerticalAlignment.h */,
				FE615F8B1D2367B500AECD76 /* UILabel+VDVerticalAlignment.m */,
			);
			path = UILabel;
			sourceTree = "<group>";
		};
		FE615F8C1D2367B500AECD76 /* UIScrollView */ = {
			isa = PBXGroup;
			children = (
				FE615F8D1D2367B500AECD76 /* UIScrollView+VDEnhance.h */,
				FE615F8E1D2367B500AECD76 /* UIScrollView+VDEnhance.m */,
			);
			path = UIScrollView;
			sourceTree = "<group>";
		};
		FE615F8F1D2367B500AECD76 /* UIView */ = {
			isa = PBXGroup;
			children = (
				FE615F901D2367B500AECD76 /* UIView+VDConstraint.h */,
				FE615F911D2367B500AECD76 /* UIView+VDConstraint.m */,
				FE615F921D2367B500AECD76 /* UIView+VDEnhance.h */,
				FE615F931D2367B500AECD76 /* UIView+VDEnhance.m */,
				FE615F941D2367B500AECD76 /* UIView+VDFrame.h */,
				FE615F951D2367B500AECD76 /* UIView+VDFrame.m */,
				FE615F961D2367B500AECD76 /* UIView+VDGesture.h */,
				FE615F971D2367B500AECD76 /* UIView+VDGesture.m */,
			);
			path = UIView;
			sourceTree = "<group>";
		};
		FE615F981D2367B500AECD76 /* UIViewController */ = {
			isa = PBXGroup;
			children = (
				FE615F991D2367B500AECD76 /* UIViewController+VDEnhance.h */,
				FE615F9A1D2367B500AECD76 /* UIViewController+VDEnhance.m */,
			);
			path = UIViewController;
			sourceTree = "<group>";
		};
		FE615F9B1D2367B500AECD76 /* WeakRef */ = {
			isa = PBXGroup;
			children = (
				FE615F9C1D2367B500AECD76 /* VDWeakRef.h */,
				FE615F9D1D2367B500AECD76 /* VDWeakRef.m */,
			);
			path = WeakRef;
			sourceTree = "<group>";
		};
		FE6400161D3F49BD00652BAC /* PullToRefresh */ = {
			isa = PBXGroup;
			children = (
				FE6400171D3F49EF00652BAC /* UIScrollView+VDPullRefresh.h */,
				FE6400181D3F49EF00652BAC /* UIScrollView+VDPullRefresh.m */,
				FE64001B1D3F4E8E00652BAC /* VDPullRefreshManager.h */,
				FE64001C1D3F4E8E00652BAC /* VDPullRefreshManager.m */,
				FE64001F1D3F4E9C00652BAC /* VDPullRefreshElement.h */,
				FE6400201D3F4E9C00652BAC /* VDPullRefreshElement.m */,
				FE64002A1D40AC3C00652BAC /* VDDefaultPullingView.h */,
				FE64002B1D40AC3C00652BAC /* VDDefaultPullingView.m */,
			);
			path = PullToRefresh;
			sourceTree = "<group>";
		};
		FE64008E1D45B1C600652BAC /* KVO */ = {
			isa = PBXGroup;
			children = (
				FE6400901D45B1D600652BAC /* VDKVOElement.h */,
				FE6400911D45B1D600652BAC /* VDKVOElement.m */,
				FE6400941D45B60D00652BAC /* NSObject+VDKVO.h */,
				FE6400951D45B60D00652BAC /* NSObject+VDKVO.m */,
			);
			path = KVO;
			sourceTree = "<group>";
		};
		FE64008F1D45B1C600652BAC /* NSNotification */ = {
			isa = PBXGroup;
			children = (
				FE6400981D45B74300652BAC /* VDNotificationElement.h */,
				FE6400991D45B74300652BAC /* VDNotificationElement.m */,
				FE64009C1D45B9F100652BAC /* NSObject+VDNotification.h */,
				FE64009D1D45B9F100652BAC /* NSObject+VDNotification.m */,
			);
			path = NSNotification;
			sourceTree = "<group>";
		};
		FE6400D21D48649000652BAC /* BusinessProcess */ = {
			isa = PBXGroup;
			children = (
				FE6400D31D48649C00652BAC /* VDBusinessProcess.h */,
				FE6400D41D48649C00652BAC /* VDBusinessProcess.m */,
			);
			path = BusinessProcess;
			sourceTree = "<group>";
		};
		FE6400F81D49F46900652BAC /* Timer */ = {
			isa = PBXGroup;
			children = (
				FE6400F91D49F47800652BAC /* VDGCDTimer.h */,
				FE6400FA1D49F47800652BAC /* VDGCDTimer.m */,
			);
			path = Timer;
			sourceTree = "<group>";
		};
		FECA26871D25146300ED8FDD /* Property */ = {
			isa = PBXGroup;
			children = (
				FECA26881D25147000ED8FDD /* VDProperty.h */,
				FECA26891D25147000ED8FDD /* VDProperty.m */,
				FECA268C1D2516FD00ED8FDD /* NSObject+VDProperty.h */,
				FECA268D1D2516FD00ED8FDD /* NSObject+VDProperty.m */,
			);
			path = Property;
			sourceTree = "<group>";
		};
		FECA26901D251A9A00ED8FDD /* Json */ = {
			isa = PBXGroup;
			children = (
				FECA26911D25215F00ED8FDD /* VDJsonObject.h */,
				FECA26921D25215F00ED8FDD /* VDJsonObject.m */,
			);
			path = Json;
			sourceTree = "<group>";
		};
		FECA26AC1D2653D200ED8FDD /* Persistent */ = {
			isa = PBXGroup;
			children = (
				FECA26AD1D26556800ED8FDD /* NSObject+VDPersistent.h */,
				FECA26AE1D26556800ED8FDD /* NSObject+VDPersistent.m */,
			);
			path = Persistent;
			sourceTree = "<group>";
		};
/* End PBXGroup section */

/* Begin PBXHeadersBuildPhase section */
		FE615F341D23679B00AECD76 /* Headers */ = {
			isa = PBXHeadersBuildPhase;
			buildActionMask = 2147483647;
			files = (
				FE615F3B1D23679B00AECD76 /* objcTemp.h in Headers */,
				FE615FA81D2367B500AECD76 /* VDHookInvocationInfo.h in Headers */,
				FE615FBB1D2367B500AECD76 /* VDRouter.h in Headers */,
				FE615FAC1D2367B500AECD76 /* VDMacros.h in Headers */,
				FE615FC71D2367B500AECD76 /* UILabel+VDEnhance.h in Headers */,
				FE615FA21D2367B500AECD76 /* NSObject+VDHook.h in Headers */,
				FE615FB91D2367B500AECD76 /* UIViewController+VDRouter.h in Headers */,
				FE615FCB1D2367B500AECD76 /* UIScrollView+VDEnhance.h in Headers */,
				FE615FAD1D2367B500AECD76 /* NSDictionary+VDEnhance.h in Headers */,
				FE615FBF1D2367B500AECD76 /* UIApplication+VDEnhance.h in Headers */,
				FE615FC11D2367B500AECD76 /* UICollectionViewCell+VDEnhance.h in Headers */,
				FE615FAF1D2367B500AECD76 /* NSObject+VDEnhance.h in Headers */,
				FE615FA01D2367B500AECD76 /* VDFingerPrintViewController.h in Headers */,
				FE615FA41D2367B500AECD76 /* VDHook.h in Headers */,
				FE615FA61D2367B500AECD76 /* VDHookElement.h in Headers */,
				FE615FD11D2367B500AECD76 /* UIView+VDFrame.h in Headers */,
				FE615FB51D2367B500AECD76 /* NSString+VDJavaScript.h in Headers */,
				FE615FCD1D2367B500AECD76 /* UIView+VDConstraint.h in Headers */,
				FE615FD51D2367B500AECD76 /* UIViewController+VDEnhance.h in Headers */,
				FE615FCF1D2367B500AECD76 /* UIView+VDEnhance.h in Headers */,
				FE615FC91D2367B500AECD76 /* UILabel+VDVerticalAlignment.h in Headers */,
				FE615FC31D2367B500AECD76 /* UIColor+VDEnhance.h in Headers */,
				FE615FB31D2367B500AECD76 /* NSString+VDEnhance.h in Headers */,
				FE615FD31D2367B500AECD76 /* UIView+VDGesture.h in Headers */,
				FE615FB71D2367B500AECD76 /* NSString+VDRegex.h in Headers */,
				FE615FBD1D2367B500AECD76 /* VDRouterNavigationViewController.h in Headers */,
				FECA268A1D25147000ED8FDD /* VDProperty.h in Headers */,
				FECA26931D25215F00ED8FDD /* VDJsonObject.h in Headers */,
				FECA268E1D2516FD00ED8FDD /* NSObject+VDProperty.h in Headers */,
				FE615FD71D2367B500AECD76 /* VDWeakRef.h in Headers */,
				FE615F9E1D2367B500AECD76 /* CALayer+VDEnhance.h in Headers */,
				FE416F8C1D2CFFA900518C78 /* VDSelectorArgument.h in Headers */,
				FE416FAB1D2DED9400518C78 /* NSObject+VDThemeManager.h in Headers */,
				FE416FA71D2DE7E000518C78 /* VDThemeManager.h in Headers */,
				FE416FB71D2DEE1700518C78 /* VDThemeSelectorArgument.h in Headers */,
				FE416FF71D2F45D900518C78 /* VDAutoPanUpElement.h in Headers */,
				FE416FF31D2F45A300518C78 /* VDAutoPanUpManager.h in Headers */,
				FE416FEA1D2E576A00518C78 /* UITableView+VDEnhance.h in Headers */,
				FE416FEF1D2F44FC00518C78 /* UIView+VDAutoPanUp.h in Headers */,
				FE416FB31D2DEDC800518C78 /* VDThemeElement.h in Headers */,
				FE416F901D2D030600518C78 /* NSObject+VDSelectorArgument.h in Headers */,
				FE416F6F1D2CA6CE00518C78 /* UITableViewCell+VDEnhance.h in Headers */,
				FE615FB11D2367B500AECD76 /* VDDelayOperation.h in Headers */,
				FE4170401D2FAB8E00518C78 /* UISlider+VDEnhance.h in Headers */,
				FE615FAA1D2367B500AECD76 /* VDHookRecorder.h in Headers */,
				FE4170551D33624800518C78 /* UIView+VDHud.h in Headers */,
				FE4170511D3346B500518C78 /* VDHudMaskView.h in Headers */,
				FE41704D1D3344EA00518C78 /* UIViewController+VDHud.h in Headers */,
				FE4170831D338E1100518C78 /* VDLoadingLayer.h in Headers */,
				FE41711E1D375F2900518C78 /* UISlider+VDTheme.h in Headers */,
				FE4171221D375F3600518C78 /* UILabel+VDTheme.h in Headers */,
				FE41711A1D375F1C00518C78 /* UINavigationBar+VDTheme.h in Headers */,
				FE4171261D375F4500518C78 /* UIImageView+VDTheme.h in Headers */,
				FE4171121D375EF700518C78 /* UIView+VDTheme.h in Headers */,
				FE4171161D375F0700518C78 /* UIButton+VDTheme.h in Headers */,
				FE4170721D33788600518C78 /* VDLoadingView.h in Headers */,
				FE4170681D3369E700518C78 /* VDHudViewController.h in Headers */,
				FE41708B1D34B81D00518C78 /* VDLoadingAngularVariationView.h in Headers */,
				FE4170941D34DD5600518C78 /* VDSimpleHudViewController.h in Headers */,
				FE4170A11D35E34000518C78 /* VDToastView.h in Headers */,
				FE4170CE1D3635B400518C78 /* VDInputManager.h in Headers */,
				FE6400211D3F4E9C00652BAC /* VDPullRefreshElement.h in Headers */,
				FE6400191D3F49F000652BAC /* UIScrollView+VDPullRefresh.h in Headers */,
				FE64001D1D3F4E8E00652BAC /* VDPullRefreshManager.h in Headers */,
				FE6400871D45AEC200652BAC /* UICollectionView+VDEnhance.h in Headers */,
				FE6400961D45B60D00652BAC /* NSObject+VDKVO.h in Headers */,
				FE64009A1D45B74300652BAC /* VDNotificationElement.h in Headers */,
				FE64009E1D45B9F100652BAC /* NSObject+VDNotification.h in Headers */,
				FE6400921D45B1D600652BAC /* VDKVOElement.h in Headers */,
				FE4170D61D363DC800518C78 /* UIView+VDInputManager.h in Headers */,
				FE4170AA1D35E93A00518C78 /* NSMutableArray+VDEnhance.h in Headers */,
				FE64002C1D40AC3C00652BAC /* VDDefaultPullingView.h in Headers */,
				FECA26AF1D26556800ED8FDD /* NSObject+VDPersistent.h in Headers */,
				FE6400FB1D49F47800652BAC /* VDGCDTimer.h in Headers */,
				FE6400D51D48649C00652BAC /* VDBusinessProcess.h in Headers */,
				FE615FC51D2367B500AECD76 /* UIImage+VDEnhance.h in Headers */,
			);
			runOnlyForDeploymentPostprocessing = 0;
		};
/* End PBXHeadersBuildPhase section */

/* Begin PBXNativeTarget section */
		FE615F361D23679B00AECD76 /* objcTemp */ = {
			isa = PBXNativeTarget;
			buildConfigurationList = FE615F4B1D23679B00AECD76 /* Build configuration list for PBXNativeTarget "objcTemp" */;
			buildPhases = (
				FE615F321D23679B00AECD76 /* Sources */,
				FE615F331D23679B00AECD76 /* Frameworks */,
				FE615F341D23679B00AECD76 /* Headers */,
				FE615F351D23679B00AECD76 /* Resources */,
			);
			buildRules = (
			);
			dependencies = (
			);
			name = objcTemp;
			productName = objcTemp;
			productReference = FE615F371D23679B00AECD76 /* objcTemp.framework */;
			productType = "com.apple.product-type.framework";
		};
		FE615F401D23679B00AECD76 /* objcTempTests */ = {
			isa = PBXNativeTarget;
			buildConfigurationList = FE615F4E1D23679B00AECD76 /* Build configuration list for PBXNativeTarget "objcTempTests" */;
			buildPhases = (
				FE615F3D1D23679B00AECD76 /* Sources */,
				FE615F3E1D23679B00AECD76 /* Frameworks */,
				FE615F3F1D23679B00AECD76 /* Resources */,
			);
			buildRules = (
			);
			dependencies = (
				FE615F441D23679B00AECD76 /* PBXTargetDependency */,
			);
			name = objcTempTests;
			productName = objcTempTests;
			productReference = FE615F411D23679B00AECD76 /* objcTempTests.xctest */;
			productType = "com.apple.product-type.bundle.unit-test";
		};
/* End PBXNativeTarget section */

/* Begin PBXProject section */
		FE615F2E1D23679B00AECD76 /* Project object */ = {
			isa = PBXProject;
			attributes = {
				LastUpgradeCheck = 0730;
				ORGANIZATIONNAME = vilyever;
				TargetAttributes = {
					FE615F361D23679B00AECD76 = {
						CreatedOnToolsVersion = 7.3.1;
						DevelopmentTeam = 2594YAARKH;
					};
					FE615F401D23679B00AECD76 = {
						CreatedOnToolsVersion = 7.3.1;
						DevelopmentTeam = 2594YAARKH;
					};
				};
			};
			buildConfigurationList = FE615F311D23679B00AECD76 /* Build configuration list for PBXProject "objcTemp" */;
			compatibilityVersion = "Xcode 3.2";
			developmentRegion = English;
			hasScannedForEncodings = 0;
			knownRegions = (
				en,
			);
			mainGroup = FE615F2D1D23679B00AECD76;
			productRefGroup = FE615F381D23679B00AECD76 /* Products */;
			projectDirPath = "";
			projectRoot = "";
			targets = (
				FE615F361D23679B00AECD76 /* objcTemp */,
				FE615F401D23679B00AECD76 /* objcTempTests */,
			);
		};
/* End PBXProject section */

/* Begin PBXResourcesBuildPhase section */
		FE615F351D23679B00AECD76 /* Resources */ = {
			isa = PBXResourcesBuildPhase;
			buildActionMask = 2147483647;
			files = (
				FECA263D1D25030B00ED8FDD /* objcTemp.podspec in Resources */,
			);
			runOnlyForDeploymentPostprocessing = 0;
		};
		FE615F3F1D23679B00AECD76 /* Resources */ = {
			isa = PBXResourcesBuildPhase;
			buildActionMask = 2147483647;
			files = (
			);
			runOnlyForDeploymentPostprocessing = 0;
		};
/* End PBXResourcesBuildPhase section */

/* Begin PBXSourcesBuildPhase section */
		FE615F321D23679B00AECD76 /* Sources */ = {
			isa = PBXSourcesBuildPhase;
			buildActionMask = 2147483647;
			files = (
				FE615FAB1D2367B500AECD76 /* VDHookRecorder.m in Sources */,
				FE615FD41D2367B500AECD76 /* UIView+VDGesture.m in Sources */,
				FECA26B01D26556800ED8FDD /* NSObject+VDPersistent.m in Sources */,
				FE416FAC1D2DED9400518C78 /* NSObject+VDThemeManager.m in Sources */,
				FE615FAE1D2367B500AECD76 /* NSDictionary+VDEnhance.m in Sources */,
				FE64009B1D45B74300652BAC /* VDNotificationElement.m in Sources */,
				FE615FD21D2367B500AECD76 /* UIView+VDFrame.m in Sources */,
				FE615FCA1D2367B500AECD76 /* UILabel+VDVerticalAlignment.m in Sources */,
				FE615FC61D2367B500AECD76 /* UIImage+VDEnhance.m in Sources */,
				FE615FB41D2367B500AECD76 /* NSString+VDEnhance.m in Sources */,
				FE416F911D2D030600518C78 /* NSObject+VDSelectorArgument.m in Sources */,
				FE4170D71D363DC800518C78 /* UIView+VDInputManager.m in Sources */,
				FE615FD61D2367B500AECD76 /* UIViewController+VDEnhance.m in Sources */,
				FE4170411D2FAB8E00518C78 /* UISlider+VDEnhance.m in Sources */,
				FE615FBE1D2367B500AECD76 /* VDRouterNavigationViewController.m in Sources */,
				FE615FD01D2367B500AECD76 /* UIView+VDEnhance.m in Sources */,
				FE4170A21D35E34000518C78 /* VDToastView.m in Sources */,
				FE4171231D375F3600518C78 /* UILabel+VDTheme.m in Sources */,
				FE4170691D3369E700518C78 /* VDHudViewController.m in Sources */,
				FE615F9F1D2367B500AECD76 /* CALayer+VDEnhance.m in Sources */,
				FE416FA81D2DE7E000518C78 /* VDThemeManager.m in Sources */,
				FE64002D1D40AC3C00652BAC /* VDDefaultPullingView.m in Sources */,
				FE615FB01D2367B500AECD76 /* NSObject+VDEnhance.m in Sources */,
				FE416F701D2CA6CE00518C78 /* UITableViewCell+VDEnhance.m in Sources */,
				FE6400881D45AEC200652BAC /* UICollectionView+VDEnhance.m in Sources */,
				FECA263E1D25030B00ED8FDD /* README.md in Sources */,
				FE6400FC1D49F47800652BAC /* VDGCDTimer.m in Sources */,
				FE4171271D375F4500518C78 /* UIImageView+VDTheme.m in Sources */,
				FECA268B1D25147000ED8FDD /* VDProperty.m in Sources */,
				FE615FC81D2367B500AECD76 /* UILabel+VDEnhance.m in Sources */,
				FE615FCC1D2367B500AECD76 /* UIScrollView+VDEnhance.m in Sources */,
				FE615FBA1D2367B500AECD76 /* UIViewController+VDRouter.m in Sources */,
				FE41711B1D375F1C00518C78 /* UINavigationBar+VDTheme.m in Sources */,
				FE4170CF1D3635B400518C78 /* VDInputManager.m in Sources */,
				FE6400221D3F4E9C00652BAC /* VDPullRefreshElement.m in Sources */,
				FE615FCE1D2367B500AECD76 /* UIView+VDConstraint.m in Sources */,
				FECA268F1D2516FD00ED8FDD /* NSObject+VDProperty.m in Sources */,
				FE4170841D338E1100518C78 /* VDLoadingLayer.m in Sources */,
				FE615FA31D2367B500AECD76 /* NSObject+VDHook.m in Sources */,
				FE615FC41D2367B500AECD76 /* UIColor+VDEnhance.m in Sources */,
				FE4171171D375F0700518C78 /* UIButton+VDTheme.m in Sources */,
				FE416FB41D2DEDC800518C78 /* VDThemeElement.m in Sources */,
				FECA26941D25215F00ED8FDD /* VDJsonObject.m in Sources */,
				FE615FA91D2367B500AECD76 /* VDHookInvocationInfo.m in Sources */,
				FE41708C1D34B81D00518C78 /* VDLoadingAngularVariationView.m in Sources */,
				FE6400931D45B1D600652BAC /* VDKVOElement.m in Sources */,
				FE64001A1D3F49F000652BAC /* UIScrollView+VDPullRefresh.m in Sources */,
				FE416F8D1D2CFFA900518C78 /* VDSelectorArgument.m in Sources */,
				FE4170731D33788600518C78 /* VDLoadingView.m in Sources */,
				FE4170AB1D35E93A00518C78 /* NSMutableArray+VDEnhance.m in Sources */,
				FE6400971D45B60D00652BAC /* NSObject+VDKVO.m in Sources */,
				FE64009F1D45B9F100652BAC /* NSObject+VDNotification.m in Sources */,
				FE416FF01D2F44FC00518C78 /* UIView+VDAutoPanUp.m in Sources */,
				FE615FBC1D2367B500AECD76 /* VDRouter.m in Sources */,
				FE615FC01D2367B500AECD76 /* UIApplication+VDEnhance.m in Sources */,
				FE615FA51D2367B500AECD76 /* VDHook.m in Sources */,
				FE416FF81D2F45D900518C78 /* VDAutoPanUpElement.m in Sources */,
				FE416FF41D2F45A300518C78 /* VDAutoPanUpManager.m in Sources */,
				FE41711F1D375F2900518C78 /* UISlider+VDTheme.m in Sources */,
				FE615FB21D2367B500AECD76 /* VDDelayOperation.m in Sources */,
				FE4171131D375EF700518C78 /* UIView+VDTheme.m in Sources */,
				FE41704E1D3344EA00518C78 /* UIViewController+VDHud.m in Sources */,
				FE615FB81D2367B500AECD76 /* NSString+VDRegex.m in Sources */,
				FE615FA71D2367B500AECD76 /* VDHookElement.m in Sources */,
				FE416FEB1D2E576A00518C78 /* UITableView+VDEnhance.m in Sources */,
				FE615FB61D2367B500AECD76 /* NSString+VDJavaScript.m in Sources */,
				FE615FC21D2367B500AECD76 /* UICollectionViewCell+VDEnhance.m in Sources */,
				FE64001E1D3F4E8E00652BAC /* VDPullRefreshManager.m in Sources */,
				FE4170561D33624800518C78 /* UIView+VDHud.m in Sources */,
				FE4170521D3346B500518C78 /* VDHudMaskView.m in Sources */,
				FE4170951D34DD5600518C78 /* VDSimpleHudViewController.m in Sources */,
				FE416FB81D2DEE1700518C78 /* VDThemeSelectorArgument.m in Sources */,
				FE6400D61D48649C00652BAC /* VDBusinessProcess.m in Sources */,
				FE615FD81D2367B500AECD76 /* VDWeakRef.m in Sources */,
				FE615FA11D2367B500AECD76 /* VDFingerPrintViewController.m in Sources */,
			);
			runOnlyForDeploymentPostprocessing = 0;
		};
		FE615F3D1D23679B00AECD76 /* Sources */ = {
			isa = PBXSourcesBuildPhase;
			buildActionMask = 2147483647;
			files = (
				FE615F471D23679B00AECD76 /* objcTempTests.m in Sources */,
			);
			runOnlyForDeploymentPostprocessing = 0;
		};
/* End PBXSourcesBuildPhase section */

/* Begin PBXTargetDependency section */
		FE615F441D23679B00AECD76 /* PBXTargetDependency */ = {
			isa = PBXTargetDependency;
			target = FE615F361D23679B00AECD76 /* objcTemp */;
			targetProxy = FE615F431D23679B00AECD76 /* PBXContainerItemProxy */;
		};
/* End PBXTargetDependency section */

/* Begin XCBuildConfiguration section */
		FE615F491D23679B00AECD76 /* Debug */ = {
			isa = XCBuildConfiguration;
			buildSettings = {
				ALWAYS_SEARCH_USER_PATHS = NO;
				CLANG_ANALYZER_NONNULL = YES;
				CLANG_CXX_LANGUAGE_STANDARD = "gnu++0x";
				CLANG_CXX_LIBRARY = "libc++";
				CLANG_ENABLE_MODULES = YES;
				CLANG_ENABLE_OBJC_ARC = YES;
				CLANG_WARN_BOOL_CONVERSION = YES;
				CLANG_WARN_CONSTANT_CONVERSION = YES;
				CLANG_WARN_DIRECT_OBJC_ISA_USAGE = YES_ERROR;
				CLANG_WARN_EMPTY_BODY = YES;
				CLANG_WARN_ENUM_CONVERSION = YES;
				CLANG_WARN_INT_CONVERSION = YES;
				CLANG_WARN_OBJC_ROOT_CLASS = YES_ERROR;
				CLANG_WARN_UNREACHABLE_CODE = YES;
				CLANG_WARN__DUPLICATE_METHOD_MATCH = YES;
				"CODE_SIGN_IDENTITY[sdk=iphoneos*]" = "iPhone Developer";
				COPY_PHASE_STRIP = NO;
				CURRENT_PROJECT_VERSION = 1;
				DEBUG_INFORMATION_FORMAT = dwarf;
				ENABLE_STRICT_OBJC_MSGSEND = YES;
				ENABLE_TESTABILITY = YES;
				GCC_C_LANGUAGE_STANDARD = gnu99;
				GCC_DYNAMIC_NO_PIC = NO;
				GCC_NO_COMMON_BLOCKS = YES;
				GCC_OPTIMIZATION_LEVEL = 0;
				GCC_PREPROCESSOR_DEFINITIONS = (
					"DEBUG=1",
					"$(inherited)",
				);
				GCC_WARN_64_TO_32_BIT_CONVERSION = YES;
				GCC_WARN_ABOUT_RETURN_TYPE = YES_ERROR;
				GCC_WARN_UNDECLARED_SELECTOR = YES;
				GCC_WARN_UNINITIALIZED_AUTOS = YES_AGGRESSIVE;
				GCC_WARN_UNUSED_FUNCTION = YES;
				GCC_WARN_UNUSED_VARIABLE = YES;
				IPHONEOS_DEPLOYMENT_TARGET = 9.3;
				MODULEMAP_FILE = "";
				MTL_ENABLE_DEBUG_INFO = YES;
				ONLY_ACTIVE_ARCH = YES;
				SDKROOT = iphoneos;
				TARGETED_DEVICE_FAMILY = "1,2";
				VERSIONING_SYSTEM = "apple-generic";
				VERSION_INFO_PREFIX = "";
			};
			name = Debug;
		};
		FE615F4A1D23679B00AECD76 /* Release */ = {
			isa = XCBuildConfiguration;
			buildSettings = {
				ALWAYS_SEARCH_USER_PATHS = NO;
				CLANG_ANALYZER_NONNULL = YES;
				CLANG_CXX_LANGUAGE_STANDARD = "gnu++0x";
				CLANG_CXX_LIBRARY = "libc++";
				CLANG_ENABLE_MODULES = YES;
				CLANG_ENABLE_OBJC_ARC = YES;
				CLANG_WARN_BOOL_CONVERSION = YES;
				CLANG_WARN_CONSTANT_CONVERSION = YES;
				CLANG_WARN_DIRECT_OBJC_ISA_USAGE = YES_ERROR;
				CLANG_WARN_EMPTY_BODY = YES;
				CLANG_WARN_ENUM_CONVERSION = YES;
				CLANG_WARN_INT_CONVERSION = YES;
				CLANG_WARN_OBJC_ROOT_CLASS = YES_ERROR;
				CLANG_WARN_UNREACHABLE_CODE = YES;
				CLANG_WARN__DUPLICATE_METHOD_MATCH = YES;
				"CODE_SIGN_IDENTITY[sdk=iphoneos*]" = "iPhone Developer";
				COPY_PHASE_STRIP = NO;
				CURRENT_PROJECT_VERSION = 1;
				DEBUG_INFORMATION_FORMAT = "dwarf-with-dsym";
				ENABLE_NS_ASSERTIONS = NO;
				ENABLE_STRICT_OBJC_MSGSEND = YES;
				GCC_C_LANGUAGE_STANDARD = gnu99;
				GCC_NO_COMMON_BLOCKS = YES;
				GCC_WARN_64_TO_32_BIT_CONVERSION = YES;
				GCC_WARN_ABOUT_RETURN_TYPE = YES_ERROR;
				GCC_WARN_UNDECLARED_SELECTOR = YES;
				GCC_WARN_UNINITIALIZED_AUTOS = YES_AGGRESSIVE;
				GCC_WARN_UNUSED_FUNCTION = YES;
				GCC_WARN_UNUSED_VARIABLE = YES;
				IPHONEOS_DEPLOYMENT_TARGET = 9.3;
				MODULEMAP_FILE = "";
				MTL_ENABLE_DEBUG_INFO = NO;
				SDKROOT = iphoneos;
				TARGETED_DEVICE_FAMILY = "1,2";
				VALIDATE_PRODUCT = YES;
				VERSIONING_SYSTEM = "apple-generic";
				VERSION_INFO_PREFIX = "";
			};
			name = Release;
		};
		FE615F4C1D23679B00AECD76 /* Debug */ = {
			isa = XCBuildConfiguration;
			buildSettings = {
				DEFINES_MODULE = YES;
				DYLIB_COMPATIBILITY_VERSION = 1;
				DYLIB_CURRENT_VERSION = 1;
				DYLIB_INSTALL_NAME_BASE = "@rpath";
				INFOPLIST_FILE = objcTemp/Info.plist;
				INSTALL_PATH = "$(LOCAL_LIBRARY_DIR)/Frameworks";
				LD_RUNPATH_SEARCH_PATHS = "$(inherited) @executable_path/Frameworks @loader_path/Frameworks";
				MACH_O_TYPE = mh_dylib;
				MODULEMAP_FILE = "";
				PRODUCT_BUNDLE_IDENTIFIER = vilyever.objcTemp;
				PRODUCT_NAME = "$(TARGET_NAME)";
				SKIP_INSTALL = YES;
			};
			name = Debug;
		};
		FE615F4D1D23679B00AECD76 /* Release */ = {
			isa = XCBuildConfiguration;
			buildSettings = {
				DEFINES_MODULE = YES;
				DYLIB_COMPATIBILITY_VERSION = 1;
				DYLIB_CURRENT_VERSION = 1;
				DYLIB_INSTALL_NAME_BASE = "@rpath";
				INFOPLIST_FILE = objcTemp/Info.plist;
				INSTALL_PATH = "$(LOCAL_LIBRARY_DIR)/Frameworks";
				LD_RUNPATH_SEARCH_PATHS = "$(inherited) @executable_path/Frameworks @loader_path/Frameworks";
				MACH_O_TYPE = mh_dylib;
				MODULEMAP_FILE = "";
				PRODUCT_BUNDLE_IDENTIFIER = vilyever.objcTemp;
				PRODUCT_NAME = "$(TARGET_NAME)";
				SKIP_INSTALL = YES;
			};
			name = Release;
		};
		FE615F4F1D23679B00AECD76 /* Debug */ = {
			isa = XCBuildConfiguration;
			buildSettings = {
				INFOPLIST_FILE = objcTempTests/Info.plist;
				LD_RUNPATH_SEARCH_PATHS = "$(inherited) @executable_path/Frameworks @loader_path/Frameworks";
				PRODUCT_BUNDLE_IDENTIFIER = vilyever.objcTempTests;
				PRODUCT_NAME = "$(TARGET_NAME)";
			};
			name = Debug;
		};
		FE615F501D23679B00AECD76 /* Release */ = {
			isa = XCBuildConfiguration;
			buildSettings = {
				INFOPLIST_FILE = objcTempTests/Info.plist;
				LD_RUNPATH_SEARCH_PATHS = "$(inherited) @executable_path/Frameworks @loader_path/Frameworks";
				PRODUCT_BUNDLE_IDENTIFIER = vilyever.objcTempTests;
				PRODUCT_NAME = "$(TARGET_NAME)";
			};
			name = Release;
		};
/* End XCBuildConfiguration section */

/* Begin XCConfigurationList section */
		FE615F311D23679B00AECD76 /* Build configuration list for PBXProject "objcTemp" */ = {
			isa = XCConfigurationList;
			buildConfigurations = (
				FE615F491D23679B00AECD76 /* Debug */,
				FE615F4A1D23679B00AECD76 /* Release */,
			);
			defaultConfigurationIsVisible = 0;
			defaultConfigurationName = Release;
		};
		FE615F4B1D23679B00AECD76 /* Build configuration list for PBXNativeTarget "objcTemp" */ = {
			isa = XCConfigurationList;
			buildConfigurations = (
				FE615F4C1D23679B00AECD76 /* Debug */,
				FE615F4D1D23679B00AECD76 /* Release */,
			);
			defaultConfigurationIsVisible = 0;
			defaultConfigurationName = Release;
		};
		FE615F4E1D23679B00AECD76 /* Build configuration list for PBXNativeTarget "objcTempTests" */ = {
			isa = XCConfigurationList;
			buildConfigurations = (
				FE615F4F1D23679B00AECD76 /* Debug */,
				FE615F501D23679B00AECD76 /* Release */,
			);
			defaultConfigurationIsVisible = 0;
			defaultConfigurationName = Release;
		};
/* End XCConfigurationList section */
	};
	rootObject = FE615F2E1D23679B00AECD76 /* Project object */;
}
