// !$*UTF8*$!
{
	archiveVersion = 1;
	classes = {
	};
	objectVersion = 46;
	objects = {

/* Begin PBXBuildFile section */
		FE416FFD1D2F4B7E00518C78 /* BaseViewController.m in Sources */ = {isa = PBXBuildFile; fileRef = FE416FFC1D2F4B7E00518C78 /* BaseViewController.m */; };
		FE4170011D2F4BA700518C78 /* AutoPanUpViewController.m in Sources */ = {isa = PBXBuildFile; fileRef = FE416FFF1D2F4BA700518C78 /* AutoPanUpViewController.m */; };
		FE4170021D2F4BA700518C78 /* AutoPanUpViewController.xib in Resources */ = {isa = PBXBuildFile; fileRef = FE4170001D2F4BA700518C78 /* AutoPanUpViewController.xib */; };
		FE41700E1D2F4D1900518C78 /* HomeTableViewController.m in Sources */ = {isa = PBXBuildFile; fileRef = FE41700C1D2F4D1900518C78 /* HomeTableViewController.m */; };
		FE41700F1D2F4D1900518C78 /* HomeTableViewController.xib in Resources */ = {isa = PBXBuildFile; fileRef = FE41700D1D2F4D1900518C78 /* HomeTableViewController.xib */; };
		FE4170131D2F4D7000518C78 /* BusinessProcess.m in Sources */ = {isa = PBXBuildFile; fileRef = FE4170121D2F4D7000518C78 /* BusinessProcess.m */; };
		FE4170161D2F4DA400518C78 /* HomeBusinessProcess.m in Sources */ = {isa = PBXBuildFile; fileRef = FE4170151D2F4DA400518C78 /* HomeBusinessProcess.m */; };
		FE41701A1D2F4EA400518C78 /* HomeItemTableViewCell.m in Sources */ = {isa = PBXBuildFile; fileRef = FE4170181D2F4EA400518C78 /* HomeItemTableViewCell.m */; };
		FE41701B1D2F4EA400518C78 /* HomeItemTableViewCell.xib in Resources */ = {isa = PBXBuildFile; fileRef = FE4170191D2F4EA400518C78 /* HomeItemTableViewCell.xib */; };
		FE41701E1D2F517200518C78 /* AppRouterHome.m in Sources */ = {isa = PBXBuildFile; fileRef = FE41701D1D2F517200518C78 /* AppRouterHome.m */; };
		FE4170211D2F519E00518C78 /* AppRouterAutoPanUp.m in Sources */ = {isa = PBXBuildFile; fileRef = FE4170201D2F519E00518C78 /* AppRouterAutoPanUp.m */; };
		FE41705D1D3364EE00518C78 /* AppRouter.m in Sources */ = {isa = PBXBuildFile; fileRef = FE41705C1D3364EE00518C78 /* AppRouter.m */; };
		FE4170601D3365A200518C78 /* AppRouterHud.m in Sources */ = {isa = PBXBuildFile; fileRef = FE41705F1D3365A200518C78 /* AppRouterHud.m */; };
		FE4170641D33664D00518C78 /* HudViewController.m in Sources */ = {isa = PBXBuildFile; fileRef = FE4170621D33664D00518C78 /* HudViewController.m */; };
		FE4170651D33664D00518C78 /* HudViewController.xib in Resources */ = {isa = PBXBuildFile; fileRef = FE4170631D33664D00518C78 /* HudViewController.xib */; };
		FE41706D1D336BE500518C78 /* TextHudViewController.m in Sources */ = {isa = PBXBuildFile; fileRef = FE41706B1D336BE500518C78 /* TextHudViewController.m */; };
		FE41706E1D336BE500518C78 /* TextHudViewController.xib in Resources */ = {isa = PBXBuildFile; fileRef = FE41706C1D336BE500518C78 /* TextHudViewController.xib */; };
		FE41707A1D33853400518C78 /* AppRouterLoadingView.m in Sources */ = {isa = PBXBuildFile; fileRef = FE4170791D33853400518C78 /* AppRouterLoadingView.m */; };
		FE41707F1D33859C00518C78 /* LoadingViewController.m in Sources */ = {isa = PBXBuildFile; fileRef = FE41707D1D33859C00518C78 /* LoadingViewController.m */; };
		FE4170801D33859C00518C78 /* LoadingViewController.xib in Resources */ = {isa = PBXBuildFile; fileRef = FE41707E1D33859C00518C78 /* LoadingViewController.xib */; };
		FE615FE71D2367FF00AECD76 /* main.m in Sources */ = {isa = PBXBuildFile; fileRef = FE615FE61D2367FF00AECD76 /* main.m */; };
		FE615FEA1D2367FF00AECD76 /* AppDelegate.m in Sources */ = {isa = PBXBuildFile; fileRef = FE615FE91D2367FF00AECD76 /* AppDelegate.m */; };
		FE615FED1D2367FF00AECD76 /* ViewController.m in Sources */ = {isa = PBXBuildFile; fileRef = FE615FEC1D2367FF00AECD76 /* ViewController.m */; };
		FE615FF01D2367FF00AECD76 /* Main.storyboard in Resources */ = {isa = PBXBuildFile; fileRef = FE615FEE1D2367FF00AECD76 /* Main.storyboard */; };
		FE615FF21D2367FF00AECD76 /* Assets.xcassets in Resources */ = {isa = PBXBuildFile; fileRef = FE615FF11D2367FF00AECD76 /* Assets.xcassets */; };
		FE615FF51D2367FF00AECD76 /* LaunchScreen.storyboard in Resources */ = {isa = PBXBuildFile; fileRef = FE615FF31D2367FF00AECD76 /* LaunchScreen.storyboard */; };
		FE6400291D3F5FF600652BAC /* LoadingHudViewController.m in Sources */ = {isa = PBXBuildFile; fileRef = FE6400281D3F5FF600652BAC /* LoadingHudViewController.m */; };
		FE6400321D40D1C600652BAC /* PullToRefreshViewController.m in Sources */ = {isa = PBXBuildFile; fileRef = FE6400301D40D1C600652BAC /* PullToRefreshViewController.m */; };
		FE6400331D40D1C600652BAC /* PullToRefreshViewController.xib in Resources */ = {isa = PBXBuildFile; fileRef = FE6400311D40D1C600652BAC /* PullToRefreshViewController.xib */; };
		FE6400371D40D24A00652BAC /* PullToRefreshTableViewCell.m in Sources */ = {isa = PBXBuildFile; fileRef = FE6400351D40D24A00652BAC /* PullToRefreshTableViewCell.m */; };
		FE6400381D40D24A00652BAC /* PullToRefreshTableViewCell.xib in Resources */ = {isa = PBXBuildFile; fileRef = FE6400361D40D24A00652BAC /* PullToRefreshTableViewCell.xib */; };
		FE64003B1D41B33000652BAC /* AppRouterPullToRefresh.m in Sources */ = {isa = PBXBuildFile; fileRef = FE64003A1D41B33000652BAC /* AppRouterPullToRefresh.m */; };
		FE64014A1D51B73F00652BAC /* objcTemp.framework in Frameworks */ = {isa = PBXBuildFile; fileRef = FE6401491D51B73F00652BAC /* objcTemp.framework */; };
		FE64014B1D51B73F00652BAC /* objcTemp.framework in Embed Frameworks */ = {isa = PBXBuildFile; fileRef = FE6401491D51B73F00652BAC /* objcTemp.framework */; settings = {ATTRIBUTES = (CodeSignOnCopy, RemoveHeadersOnCopy, ); }; };
/* End PBXBuildFile section */

/* Begin PBXCopyFilesBuildPhase section */
		FE416FA31D2D0C1300518C78 /* Embed Frameworks */ = {
			isa = PBXCopyFilesBuildPhase;
			buildActionMask = 2147483647;
			dstPath = "";
			dstSubfolderSpec = 10;
			files = (
				FE64014B1D51B73F00652BAC /* objcTemp.framework in Embed Frameworks */,
			);
			name = "Embed Frameworks";
			runOnlyForDeploymentPostprocessing = 0;
		};
/* End PBXCopyFilesBuildPhase section */

/* Begin PBXFileReference section */
		FE416FFB1D2F4B7E00518C78 /* BaseViewController.h */ = {isa = PBXFileReference; fileEncoding = 4; lastKnownFileType = sourcecode.c.h; path = BaseViewController.h; sourceTree = "<group>"; };
		FE416FFC1D2F4B7E00518C78 /* BaseViewController.m */ = {isa = PBXFileReference; fileEncoding = 4; lastKnownFileType = sourcecode.c.objc; path = BaseViewController.m; sourceTree = "<group>"; };
		FE416FFE1D2F4BA700518C78 /* AutoPanUpViewController.h */ = {isa = PBXFileReference; fileEncoding = 4; lastKnownFileType = sourcecode.c.h; path = AutoPanUpViewController.h; sourceTree = "<group>"; };
		FE416FFF1D2F4BA700518C78 /* AutoPanUpViewController.m */ = {isa = PBXFileReference; fileEncoding = 4; lastKnownFileType = sourcecode.c.objc; path = AutoPanUpViewController.m; sourceTree = "<group>"; };
		FE4170001D2F4BA700518C78 /* AutoPanUpViewController.xib */ = {isa = PBXFileReference; fileEncoding = 4; lastKnownFileType = file.xib; path = AutoPanUpViewController.xib; sourceTree = "<group>"; };
		FE41700B1D2F4D1900518C78 /* HomeTableViewController.h */ = {isa = PBXFileReference; fileEncoding = 4; lastKnownFileType = sourcecode.c.h; path = HomeTableViewController.h; sourceTree = "<group>"; };
		FE41700C1D2F4D1900518C78 /* HomeTableViewController.m */ = {isa = PBXFileReference; fileEncoding = 4; lastKnownFileType = sourcecode.c.objc; path = HomeTableViewController.m; sourceTree = "<group>"; };
		FE41700D1D2F4D1900518C78 /* HomeTableViewController.xib */ = {isa = PBXFileReference; fileEncoding = 4; lastKnownFileType = file.xib; path = HomeTableViewController.xib; sourceTree = "<group>"; };
		FE4170111D2F4D7000518C78 /* BusinessProcess.h */ = {isa = PBXFileReference; fileEncoding = 4; lastKnownFileType = sourcecode.c.h; path = BusinessProcess.h; sourceTree = "<group>"; };
		FE4170121D2F4D7000518C78 /* BusinessProcess.m */ = {isa = PBXFileReference; fileEncoding = 4; lastKnownFileType = sourcecode.c.objc; path = BusinessProcess.m; sourceTree = "<group>"; };
		FE4170141D2F4DA400518C78 /* HomeBusinessProcess.h */ = {isa = PBXFileReference; fileEncoding = 4; lastKnownFileType = sourcecode.c.h; path = HomeBusinessProcess.h; sourceTree = "<group>"; };
		FE4170151D2F4DA400518C78 /* HomeBusinessProcess.m */ = {isa = PBXFileReference; fileEncoding = 4; lastKnownFileType = sourcecode.c.objc; path = HomeBusinessProcess.m; sourceTree = "<group>"; };
		FE4170171D2F4EA400518C78 /* HomeItemTableViewCell.h */ = {isa = PBXFileReference; fileEncoding = 4; lastKnownFileType = sourcecode.c.h; path = HomeItemTableViewCell.h; sourceTree = "<group>"; };
		FE4170181D2F4EA400518C78 /* HomeItemTableViewCell.m */ = {isa = PBXFileReference; fileEncoding = 4; lastKnownFileType = sourcecode.c.objc; path = HomeItemTableViewCell.m; sourceTree = "<group>"; };
		FE4170191D2F4EA400518C78 /* HomeItemTableViewCell.xib */ = {isa = PBXFileReference; fileEncoding = 4; lastKnownFileType = file.xib; path = HomeItemTableViewCell.xib; sourceTree = "<group>"; };
		FE41701C1D2F517200518C78 /* AppRouterHome.h */ = {isa = PBXFileReference; fileEncoding = 4; lastKnownFileType = sourcecode.c.h; path = AppRouterHome.h; sourceTree = "<group>"; };
		FE41701D1D2F517200518C78 /* AppRouterHome.m */ = {isa = PBXFileReference; fileEncoding = 4; lastKnownFileType = sourcecode.c.objc; path = AppRouterHome.m; sourceTree = "<group>"; };
		FE41701F1D2F519E00518C78 /* AppRouterAutoPanUp.h */ = {isa = PBXFileReference; fileEncoding = 4; lastKnownFileType = sourcecode.c.h; path = AppRouterAutoPanUp.h; sourceTree = "<group>"; };
		FE4170201D2F519E00518C78 /* AppRouterAutoPanUp.m */ = {isa = PBXFileReference; fileEncoding = 4; lastKnownFileType = sourcecode.c.objc; path = AppRouterAutoPanUp.m; sourceTree = "<group>"; };
		FE41705B1D3364EE00518C78 /* AppRouter.h */ = {isa = PBXFileReference; fileEncoding = 4; lastKnownFileType = sourcecode.c.h; path = AppRouter.h; sourceTree = "<group>"; };
		FE41705C1D3364EE00518C78 /* AppRouter.m */ = {isa = PBXFileReference; fileEncoding = 4; lastKnownFileType = sourcecode.c.objc; path = AppRouter.m; sourceTree = "<group>"; };
		FE41705E1D3365A200518C78 /* AppRouterHud.h */ = {isa = PBXFileReference; fileEncoding = 4; lastKnownFileType = sourcecode.c.h; path = AppRouterHud.h; sourceTree = "<group>"; };
		FE41705F1D3365A200518C78 /* AppRouterHud.m */ = {isa = PBXFileReference; fileEncoding = 4; lastKnownFileType = sourcecode.c.objc; path = AppRouterHud.m; sourceTree = "<group>"; };
		FE4170611D33664D00518C78 /* HudViewController.h */ = {isa = PBXFileReference; fileEncoding = 4; lastKnownFileType = sourcecode.c.h; path = HudViewController.h; sourceTree = "<group>"; };
		FE4170621D33664D00518C78 /* HudViewController.m */ = {isa = PBXFileReference; fileEncoding = 4; lastKnownFileType = sourcecode.c.objc; path = HudViewController.m; sourceTree = "<group>"; };
		FE4170631D33664D00518C78 /* HudViewController.xib */ = {isa = PBXFileReference; fileEncoding = 4; lastKnownFileType = file.xib; path = HudViewController.xib; sourceTree = "<group>"; };
		FE41706A1D336BE500518C78 /* TextHudViewController.h */ = {isa = PBXFileReference; fileEncoding = 4; lastKnownFileType = sourcecode.c.h; path = TextHudViewController.h; sourceTree = "<group>"; };
		FE41706B1D336BE500518C78 /* TextHudViewController.m */ = {isa = PBXFileReference; fileEncoding = 4; lastKnownFileType = sourcecode.c.objc; path = TextHudViewController.m; sourceTree = "<group>"; };
		FE41706C1D336BE500518C78 /* TextHudViewController.xib */ = {isa = PBXFileReference; fileEncoding = 4; lastKnownFileType = file.xib; path = TextHudViewController.xib; sourceTree = "<group>"; };
		FE4170781D33853400518C78 /* AppRouterLoadingView.h */ = {isa = PBXFileReference; fileEncoding = 4; lastKnownFileType = sourcecode.c.h; path = AppRouterLoadingView.h; sourceTree = "<group>"; };
		FE4170791D33853400518C78 /* AppRouterLoadingView.m */ = {isa = PBXFileReference; fileEncoding = 4; lastKnownFileType = sourcecode.c.objc; path = AppRouterLoadingView.m; sourceTree = "<group>"; };
		FE41707C1D33859C00518C78 /* LoadingViewController.h */ = {isa = PBXFileReference; fileEncoding = 4; lastKnownFileType = sourcecode.c.h; path = LoadingViewController.h; sourceTree = "<group>"; };
		FE41707D1D33859C00518C78 /* LoadingViewController.m */ = {isa = PBXFileReference; fileEncoding = 4; lastKnownFileType = sourcecode.c.objc; path = LoadingViewController.m; sourceTree = "<group>"; };
		FE41707E1D33859C00518C78 /* LoadingViewController.xib */ = {isa = PBXFileReference; fileEncoding = 4; lastKnownFileType = file.xib; path = LoadingViewController.xib; sourceTree = "<group>"; };
		FE615FE21D2367FF00AECD76 /* objcTempDemo.app */ = {isa = PBXFileReference; explicitFileType = wrapper.application; includeInIndex = 0; path = objcTempDemo.app; sourceTree = BUILT_PRODUCTS_DIR; };
		FE615FE61D2367FF00AECD76 /* main.m */ = {isa = PBXFileReference; lastKnownFileType = sourcecode.c.objc; path = main.m; sourceTree = "<group>"; };
		FE615FE81D2367FF00AECD76 /* AppDelegate.h */ = {isa = PBXFileReference; lastKnownFileType = sourcecode.c.h; path = AppDelegate.h; sourceTree = "<group>"; };
		FE615FE91D2367FF00AECD76 /* AppDelegate.m */ = {isa = PBXFileReference; lastKnownFileType = sourcecode.c.objc; path = AppDelegate.m; sourceTree = "<group>"; };
		FE615FEB1D2367FF00AECD76 /* ViewController.h */ = {isa = PBXFileReference; lastKnownFileType = sourcecode.c.h; path = ViewController.h; sourceTree = "<group>"; };
		FE615FEC1D2367FF00AECD76 /* ViewController.m */ = {isa = PBXFileReference; lastKnownFileType = sourcecode.c.objc; path = ViewController.m; sourceTree = "<group>"; };
		FE615FEF1D2367FF00AECD76 /* Base */ = {isa = PBXFileReference; lastKnownFileType = file.storyboard; name = Base; path = Base.lproj/Main.storyboard; sourceTree = "<group>"; };
		FE615FF11D2367FF00AECD76 /* Assets.xcassets */ = {isa = PBXFileReference; lastKnownFileType = folder.assetcatalog; path = Assets.xcassets; sourceTree = "<group>"; };
		FE615FF41D2367FF00AECD76 /* Base */ = {isa = PBXFileReference; lastKnownFileType = file.storyboard; name = Base; path = Base.lproj/LaunchScreen.storyboard; sourceTree = "<group>"; };
		FE615FF61D2367FF00AECD76 /* Info.plist */ = {isa = PBXFileReference; lastKnownFileType = text.plist.xml; path = Info.plist; sourceTree = "<group>"; };
		FE6400271D3F5FF600652BAC /* LoadingHudViewController.h */ = {isa = PBXFileReference; fileEncoding = 4; lastKnownFileType = sourcecode.c.h; path = LoadingHudViewController.h; sourceTree = "<group>"; };
		FE6400281D3F5FF600652BAC /* LoadingHudViewController.m */ = {isa = PBXFileReference; fileEncoding = 4; lastKnownFileType = sourcecode.c.objc; path = LoadingHudViewController.m; sourceTree = "<group>"; };
		FE64002F1D40D1C600652BAC /* PullToRefreshViewController.h */ = {isa = PBXFileReference; fileEncoding = 4; lastKnownFileType = sourcecode.c.h; path = PullToRefreshViewController.h; sourceTree = "<group>"; };
		FE6400301D40D1C600652BAC /* PullToRefreshViewController.m */ = {isa = PBXFileReference; fileEncoding = 4; lastKnownFileType = sourcecode.c.objc; path = PullToRefreshViewController.m; sourceTree = "<group>"; };
		FE6400311D40D1C600652BAC /* PullToRefreshViewController.xib */ = {isa = PBXFileReference; fileEncoding = 4; lastKnownFileType = file.xib; path = PullToRefreshViewController.xib; sourceTree = "<group>"; };
		FE6400341D40D24A00652BAC /* PullToRefreshTableViewCell.h */ = {isa = PBXFileReference; fileEncoding = 4; lastKnownFileType = sourcecode.c.h; path = PullToRefreshTableViewCell.h; sourceTree = "<group>"; };
		FE6400351D40D24A00652BAC /* PullToRefreshTableViewCell.m */ = {isa = PBXFileReference; fileEncoding = 4; lastKnownFileType = sourcecode.c.objc; path = PullToRefreshTableViewCell.m; sourceTree = "<group>"; };
		FE6400361D40D24A00652BAC /* PullToRefreshTableViewCell.xib */ = {isa = PBXFileReference; fileEncoding = 4; lastKnownFileType = file.xib; path = PullToRefreshTableViewCell.xib; sourceTree = "<group>"; };
		FE6400391D41B33000652BAC /* AppRouterPullToRefresh.h */ = {isa = PBXFileReference; fileEncoding = 4; lastKnownFileType = sourcecode.c.h; path = AppRouterPullToRefresh.h; sourceTree = "<group>"; };
		FE64003A1D41B33000652BAC /* AppRouterPullToRefresh.m */ = {isa = PBXFileReference; fileEncoding = 4; lastKnownFileType = sourcecode.c.objc; path = AppRouterPullToRefresh.m; sourceTree = "<group>"; };
		FE6401491D51B73F00652BAC /* objcTemp.framework */ = {isa = PBXFileReference; lastKnownFileType = wrapper.framework; name = objcTemp.framework; path = Carthage/Build/iOS/objcTemp.framework; sourceTree = "<group>"; };
/* End PBXFileReference section */

/* Begin PBXFrameworksBuildPhase section */
		FE615FDF1D2367FF00AECD76 /* Frameworks */ = {
			isa = PBXFrameworksBuildPhase;
			buildActionMask = 2147483647;
			files = (
				FE64014A1D51B73F00652BAC /* objcTemp.framework in Frameworks */,
			);
			runOnlyForDeploymentPostprocessing = 0;
		};
/* End PBXFrameworksBuildPhase section */

/* Begin PBXGroup section */
		FE416FF91D2F4B4600518C78 /* AutoPanUp */ = {
			isa = PBXGroup;
			children = (
				FE416FFE1D2F4BA700518C78 /* AutoPanUpViewController.h */,
				FE416FFF1D2F4BA700518C78 /* AutoPanUpViewController.m */,
				FE4170001D2F4BA700518C78 /* AutoPanUpViewController.xib */,
			);
			name = AutoPanUp;
			sourceTree = "<group>";
		};
		FE416FFA1D2F4B5500518C78 /* Base */ = {
			isa = PBXGroup;
			children = (
				FE416FFB1D2F4B7E00518C78 /* BaseViewController.h */,
				FE416FFC1D2F4B7E00518C78 /* BaseViewController.m */,
			);
			name = Base;
			sourceTree = "<group>";
		};
		FE4170031D2F4C0600518C78 /* Router */ = {
			isa = PBXGroup;
			children = (
				FE41701C1D2F517200518C78 /* AppRouterHome.h */,
				FE41701D1D2F517200518C78 /* AppRouterHome.m */,
				FE41701F1D2F519E00518C78 /* AppRouterAutoPanUp.h */,
				FE4170201D2F519E00518C78 /* AppRouterAutoPanUp.m */,
				FE41705B1D3364EE00518C78 /* AppRouter.h */,
				FE41705C1D3364EE00518C78 /* AppRouter.m */,
				FE41705E1D3365A200518C78 /* AppRouterHud.h */,
				FE41705F1D3365A200518C78 /* AppRouterHud.m */,
				FE4170781D33853400518C78 /* AppRouterLoadingView.h */,
				FE4170791D33853400518C78 /* AppRouterLoadingView.m */,
				FE6400391D41B33000652BAC /* AppRouterPullToRefresh.h */,
				FE64003A1D41B33000652BAC /* AppRouterPullToRefresh.m */,
			);
			name = Router;
			sourceTree = "<group>";
		};
		FE41700A1D2F4D0600518C78 /* Home */ = {
			isa = PBXGroup;
			children = (
				FE41700B1D2F4D1900518C78 /* HomeTableViewController.h */,
				FE41700C1D2F4D1900518C78 /* HomeTableViewController.m */,
				FE41700D1D2F4D1900518C78 /* HomeTableViewController.xib */,
				FE4170171D2F4EA400518C78 /* HomeItemTableViewCell.h */,
				FE4170181D2F4EA400518C78 /* HomeItemTableViewCell.m */,
				FE4170191D2F4EA400518C78 /* HomeItemTableViewCell.xib */,
			);
			name = Home;
			sourceTree = "<group>";
		};
		FE4170101D2F4D5100518C78 /* BusinessProcess */ = {
			isa = PBXGroup;
			children = (
				FE4170111D2F4D7000518C78 /* BusinessProcess.h */,
				FE4170121D2F4D7000518C78 /* BusinessProcess.m */,
				FE4170141D2F4DA400518C78 /* HomeBusinessProcess.h */,
				FE4170151D2F4DA400518C78 /* HomeBusinessProcess.m */,
			);
			name = BusinessProcess;
			sourceTree = "<group>";
		};
		FE4170571D3362F900518C78 /* Hud */ = {
			isa = PBXGroup;
			children = (
				FE4170611D33664D00518C78 /* HudViewController.h */,
				FE4170621D33664D00518C78 /* HudViewController.m */,
				FE4170631D33664D00518C78 /* HudViewController.xib */,
				FE41706A1D336BE500518C78 /* TextHudViewController.h */,
				FE41706B1D336BE500518C78 /* TextHudViewController.m */,
				FE41706C1D336BE500518C78 /* TextHudViewController.xib */,
			);
			name = Hud;
			sourceTree = "<group>";
		};
		FE41707B1D33857C00518C78 /* LoadingView */ = {
			isa = PBXGroup;
			children = (
				FE6400271D3F5FF600652BAC /* LoadingHudViewController.h */,
				FE6400281D3F5FF600652BAC /* LoadingHudViewController.m */,
				FE41707C1D33859C00518C78 /* LoadingViewController.h */,
				FE41707D1D33859C00518C78 /* LoadingViewController.m */,
				FE41707E1D33859C00518C78 /* LoadingViewController.xib */,
			);
			name = LoadingView;
			sourceTree = "<group>";
		};
		FE615FD91D2367FF00AECD76 = {
			isa = PBXGroup;
			children = (
				FE6401491D51B73F00652BAC /* objcTemp.framework */,
				FE615FE41D2367FF00AECD76 /* objcTempDemo */,
				FE615FE31D2367FF00AECD76 /* Products */,
			);
			sourceTree = "<group>";
		};
		FE615FE31D2367FF00AECD76 /* Products */ = {
			isa = PBXGroup;
			children = (
				FE615FE21D2367FF00AECD76 /* objcTempDemo.app */,
			);
			name = Products;
			sourceTree = "<group>";
		};
		FE615FE41D2367FF00AECD76 /* objcTempDemo */ = {
			isa = PBXGroup;
			children = (
				FE64002E1D40D19B00652BAC /* PullToRefresh */,
				FE41707B1D33857C00518C78 /* LoadingView */,
				FE4170571D3362F900518C78 /* Hud */,
				FE4170101D2F4D5100518C78 /* BusinessProcess */,
				FE41700A1D2F4D0600518C78 /* Home */,
				FE4170031D2F4C0600518C78 /* Router */,
				FE416FFA1D2F4B5500518C78 /* Base */,
				FE416FF91D2F4B4600518C78 /* AutoPanUp */,
				FE615FE81D2367FF00AECD76 /* AppDelegate.h */,
				FE615FE91D2367FF00AECD76 /* AppDelegate.m */,
				FE615FEB1D2367FF00AECD76 /* ViewController.h */,
				FE615FEC1D2367FF00AECD76 /* ViewController.m */,
				FE615FEE1D2367FF00AECD76 /* Main.storyboard */,
				FE615FF11D2367FF00AECD76 /* Assets.xcassets */,
				FE615FF31D2367FF00AECD76 /* LaunchScreen.storyboard */,
				FE615FF61D2367FF00AECD76 /* Info.plist */,
				FE615FE51D2367FF00AECD76 /* Supporting Files */,
			);
			path = objcTempDemo;
			sourceTree = "<group>";
		};
		FE615FE51D2367FF00AECD76 /* Supporting Files */ = {
			isa = PBXGroup;
			children = (
				FE615FE61D2367FF00AECD76 /* main.m */,
			);
			name = "Supporting Files";
			sourceTree = "<group>";
		};
		FE64002E1D40D19B00652BAC /* PullToRefresh */ = {
			isa = PBXGroup;
			children = (
				FE64002F1D40D1C600652BAC /* PullToRefreshViewController.h */,
				FE6400301D40D1C600652BAC /* PullToRefreshViewController.m */,
				FE6400311D40D1C600652BAC /* PullToRefreshViewController.xib */,
				FE6400341D40D24A00652BAC /* PullToRefreshTableViewCell.h */,
				FE6400351D40D24A00652BAC /* PullToRefreshTableViewCell.m */,
				FE6400361D40D24A00652BAC /* PullToRefreshTableViewCell.xib */,
			);
			name = PullToRefresh;
			sourceTree = "<group>";
		};
/* End PBXGroup section */

/* Begin PBXNativeTarget section */
		FE615FE11D2367FF00AECD76 /* objcTempDemo */ = {
			isa = PBXNativeTarget;
			buildConfigurationList = FE615FF91D2367FF00AECD76 /* Build configuration list for PBXNativeTarget "objcTempDemo" */;
			buildPhases = (
				FE615FDE1D2367FF00AECD76 /* Sources */,
				FE615FDF1D2367FF00AECD76 /* Frameworks */,
				FE615FE01D2367FF00AECD76 /* Resources */,
				FE416FA31D2D0C1300518C78 /* Embed Frameworks */,
			);
			buildRules = (
			);
			dependencies = (
			);
			name = objcTempDemo;
			productName = objcTempDemo;
			productReference = FE615FE21D2367FF00AECD76 /* objcTempDemo.app */;
			productType = "com.apple.product-type.application";
		};
/* End PBXNativeTarget section */

/* Begin PBXProject section */
		FE615FDA1D2367FF00AECD76 /* Project object */ = {
			isa = PBXProject;
			attributes = {
				LastUpgradeCheck = 0730;
				ORGANIZATIONNAME = vilyever;
				TargetAttributes = {
					FE615FE11D2367FF00AECD76 = {
						CreatedOnToolsVersion = 7.3.1;
						DevelopmentTeam = 2594YAARKH;
					};
				};
			};
			buildConfigurationList = FE615FDD1D2367FF00AECD76 /* Build configuration list for PBXProject "objcTempDemo" */;
			compatibilityVersion = "Xcode 3.2";
			developmentRegion = English;
			hasScannedForEncodings = 0;
			knownRegions = (
				en,
				Base,
			);
			mainGroup = FE615FD91D2367FF00AECD76;
			productRefGroup = FE615FE31D2367FF00AECD76 /* Products */;
			projectDirPath = "";
			projectRoot = "";
			targets = (
				FE615FE11D2367FF00AECD76 /* objcTempDemo */,
			);
		};
/* End PBXProject section */

/* Begin PBXResourcesBuildPhase section */
		FE615FE01D2367FF00AECD76 /* Resources */ = {
			isa = PBXResourcesBuildPhase;
			buildActionMask = 2147483647;
			files = (
				FE4170801D33859C00518C78 /* LoadingViewController.xib in Resources */,
				FE6400381D40D24A00652BAC /* PullToRefreshTableViewCell.xib in Resources */,
				FE41700F1D2F4D1900518C78 /* HomeTableViewController.xib in Resources */,
				FE4170021D2F4BA700518C78 /* AutoPanUpViewController.xib in Resources */,
				FE615FF51D2367FF00AECD76 /* LaunchScreen.storyboard in Resources */,
				FE41701B1D2F4EA400518C78 /* HomeItemTableViewCell.xib in Resources */,
				FE615FF21D2367FF00AECD76 /* Assets.xcassets in Resources */,
				FE6400331D40D1C600652BAC /* PullToRefreshViewController.xib in Resources */,
				FE615FF01D2367FF00AECD76 /* Main.storyboard in Resources */,
				FE4170651D33664D00518C78 /* HudViewController.xib in Resources */,
				FE41706E1D336BE500518C78 /* TextHudViewController.xib in Resources */,
			);
			runOnlyForDeploymentPostprocessing = 0;
		};
/* End PBXResourcesBuildPhase section */

/* Begin PBXSourcesBuildPhase section */
		FE615FDE1D2367FF00AECD76 /* Sources */ = {
			isa = PBXSourcesBuildPhase;
			buildActionMask = 2147483647;
			files = (
				FE615FED1D2367FF00AECD76 /* ViewController.m in Sources */,
				FE41705D1D3364EE00518C78 /* AppRouter.m in Sources */,
				FE4170011D2F4BA700518C78 /* AutoPanUpViewController.m in Sources */,
				FE4170601D3365A200518C78 /* AppRouterHud.m in Sources */,
				FE4170211D2F519E00518C78 /* AppRouterAutoPanUp.m in Sources */,
				FE416FFD1D2F4B7E00518C78 /* BaseViewController.m in Sources */,
				FE41707F1D33859C00518C78 /* LoadingViewController.m in Sources */,
				FE4170641D33664D00518C78 /* HudViewController.m in Sources */,
				FE41701A1D2F4EA400518C78 /* HomeItemTableViewCell.m in Sources */,
				FE6400371D40D24A00652BAC /* PullToRefreshTableViewCell.m in Sources */,
				FE6400291D3F5FF600652BAC /* LoadingHudViewController.m in Sources */,
				FE41706D1D336BE500518C78 /* TextHudViewController.m in Sources */,
				FE41701E1D2F517200518C78 /* AppRouterHome.m in Sources */,
				FE41700E1D2F4D1900518C78 /* HomeTableViewController.m in Sources */,
				FE6400321D40D1C600652BAC /* PullToRefreshViewController.m in Sources */,
				FE4170131D2F4D7000518C78 /* BusinessProcess.m in Sources */,
				FE41707A1D33853400518C78 /* AppRouterLoadingView.m in Sources */,
				FE4170161D2F4DA400518C78 /* HomeBusinessProcess.m in Sources */,
				FE615FEA1D2367FF00AECD76 /* AppDelegate.m in Sources */,
				FE615FE71D2367FF00AECD76 /* main.m in Sources */,
				FE64003B1D41B33000652BAC /* AppRouterPullToRefresh.m in Sources */,
			);
			runOnlyForDeploymentPostprocessing = 0;
		};
/* End PBXSourcesBuildPhase section */

/* Begin PBXVariantGroup section */
		FE615FEE1D2367FF00AECD76 /* Main.storyboard */ = {
			isa = PBXVariantGroup;
			children = (
				FE615FEF1D2367FF00AECD76 /* Base */,
			);
			name = Main.storyboard;
			sourceTree = "<group>";
		};
		FE615FF31D2367FF00AECD76 /* LaunchScreen.storyboard */ = {
			isa = PBXVariantGroup;
			children = (
				FE615FF41D2367FF00AECD76 /* Base */,
			);
			name = LaunchScreen.storyboard;
			sourceTree = "<group>";
		};
/* End PBXVariantGroup section */

/* Begin XCBuildConfiguration section */
		FE615FF71D2367FF00AECD76 /* Debug */ = {
			isa = XCBuildConfiguration;
			buildSettings = {
				ALWAYS_SEARCH_USER_PATHS = YES;
				CLANG_ANALYZER_NONNULL = YES;
				CLANG_CXX_LANGUAGE_STANDARD = "gnu++0x";
				CLANG_CXX_LIBRARY = "libc++";
				CLANG_ENABLE_MODULES = YES;
				CLANG_ENABLE_OBJC_ARC = YES;
				CLANG_WARN_BOOL_CONVERSION = YES;
				CLANG_WARN_CONSTANT_CONVERSION = YES;
				CLANG_WARN_DIRECT_OBJC_ISA_USAGE = YES_ERROR;
				CLANG_WARN_EMPTY_BODY = YES;
				CLANG_WARN_ENUM_CONVERSION = YES;
				CLANG_WARN_INT_CONVERSION = YES;
				CLANG_WARN_OBJC_ROOT_CLASS = YES_ERROR;
				CLANG_WARN_UNREACHABLE_CODE = YES;
				CLANG_WARN__DUPLICATE_METHOD_MATCH = YES;
				"CODE_SIGN_IDENTITY[sdk=iphoneos*]" = "iPhone Developer";
				COPY_PHASE_STRIP = NO;
				DEBUG_INFORMATION_FORMAT = dwarf;
				ENABLE_STRICT_OBJC_MSGSEND = YES;
				ENABLE_TESTABILITY = YES;
				GCC_C_LANGUAGE_STANDARD = gnu99;
				GCC_DYNAMIC_NO_PIC = NO;
				GCC_NO_COMMON_BLOCKS = YES;
				GCC_OPTIMIZATION_LEVEL = 0;
				GCC_PREPROCESSOR_DEFINITIONS = (
					"DEBUG=1",
					"$(inherited)",
				);
				GCC_WARN_64_TO_32_BIT_CONVERSION = YES;
				GCC_WARN_ABOUT_RETURN_TYPE = YES_ERROR;
				GCC_WARN_UNDECLARED_SELECTOR = YES;
				GCC_WARN_UNINITIALIZED_AUTOS = YES_AGGRESSIVE;
				GCC_WARN_UNUSED_FUNCTION = YES;
				GCC_WARN_UNUSED_VARIABLE = YES;
				HEADER_SEARCH_PATHS = "";
				IPHONEOS_DEPLOYMENT_TARGET = 9.3;
				MTL_ENABLE_DEBUG_INFO = YES;
				ONLY_ACTIVE_ARCH = YES;
				OTHER_LDFLAGS = "";
				SDKROOT = iphoneos;
				TARGETED_DEVICE_FAMILY = "1,2";
			};
			name = Debug;
		};
		FE615FF81D2367FF00AECD76 /* Release */ = {
			isa = XCBuildConfiguration;
			buildSettings = {
				ALWAYS_SEARCH_USER_PATHS = YES;
				CLANG_ANALYZER_NONNULL = YES;
				CLANG_CXX_LANGUAGE_STANDARD = "gnu++0x";
				CLANG_CXX_LIBRARY = "libc++";
				CLANG_ENABLE_MODULES = YES;
				CLANG_ENABLE_OBJC_ARC = YES;
				CLANG_WARN_BOOL_CONVERSION = YES;
				CLANG_WARN_CONSTANT_CONVERSION = YES;
				CLANG_WARN_DIRECT_OBJC_ISA_USAGE = YES_ERROR;
				CLANG_WARN_EMPTY_BODY = YES;
				CLANG_WARN_ENUM_CONVERSION = YES;
				CLANG_WARN_INT_CONVERSION = YES;
				CLANG_WARN_OBJC_ROOT_CLASS = YES_ERROR;
				CLANG_WARN_UNREACHABLE_CODE = YES;
				CLANG_WARN__DUPLICATE_METHOD_MATCH = YES;
				"CODE_SIGN_IDENTITY[sdk=iphoneos*]" = "iPhone Developer";
				COPY_PHASE_STRIP = NO;
				DEBUG_INFORMATION_FORMAT = "dwarf-with-dsym";
				ENABLE_NS_ASSERTIONS = NO;
				ENABLE_STRICT_OBJC_MSGSEND = YES;
				GCC_C_LANGUAGE_STANDARD = gnu99;
				GCC_NO_COMMON_BLOCKS = YES;
				GCC_WARN_64_TO_32_BIT_CONVERSION = YES;
				GCC_WARN_ABOUT_RETURN_TYPE = YES_ERROR;
				GCC_WARN_UNDECLARED_SELECTOR = YES;
				GCC_WARN_UNINITIALIZED_AUTOS = YES_AGGRESSIVE;
				GCC_WARN_UNUSED_FUNCTION = YES;
				GCC_WARN_UNUSED_VARIABLE = YES;
				HEADER_SEARCH_PATHS = "";
				IPHONEOS_DEPLOYMENT_TARGET = 9.3;
				MTL_ENABLE_DEBUG_INFO = NO;
				OTHER_LDFLAGS = "";
				SDKROOT = iphoneos;
				TARGETED_DEVICE_FAMILY = "1,2";
				VALIDATE_PRODUCT = YES;
			};
			name = Release;
		};
		FE615FFA1D2367FF00AECD76 /* Debug */ = {
			isa = XCBuildConfiguration;
			buildSettings = {
				ALWAYS_SEARCH_USER_PATHS = NO;
				ASSETCATALOG_COMPILER_APPICON_NAME = AppIcon;
				CODE_SIGN_IDENTITY = "iPhone Developer";
				"CODE_SIGN_IDENTITY[sdk=iphoneos*]" = "iPhone Developer";
				FRAMEWORK_SEARCH_PATHS = (
					"$(inherited)",
					"$(PROJECT_DIR)/Carthage/Build/iOS",
				);
				HEADER_SEARCH_PATHS = "";
				INFOPLIST_FILE = objcTempDemo/Info.plist;
				LD_RUNPATH_SEARCH_PATHS = "$(inherited) @executable_path/Frameworks";
				OTHER_LDFLAGS = "";
				PRODUCT_BUNDLE_IDENTIFIER = vilyever.objcTempDemo;
				PRODUCT_NAME = "$(TARGET_NAME)";
				PROVISIONING_PROFILE = "";
			};
			name = Debug;
		};
		FE615FFB1D2367FF00AECD76 /* Release */ = {
			isa = XCBuildConfiguration;
			buildSettings = {
				ALWAYS_SEARCH_USER_PATHS = NO;
				ASSETCATALOG_COMPILER_APPICON_NAME = AppIcon;
				CODE_SIGN_IDENTITY = "iPhone Developer";
				"CODE_SIGN_IDENTITY[sdk=iphoneos*]" = "iPhone Developer";
				FRAMEWORK_SEARCH_PATHS = (
					"$(inherited)",
					"$(PROJECT_DIR)/Carthage/Build/iOS",
				);
				HEADER_SEARCH_PATHS = "";
				INFOPLIST_FILE = objcTempDemo/Info.plist;
				LD_RUNPATH_SEARCH_PATHS = "$(inherited) @executable_path/Frameworks";
				OTHER_LDFLAGS = "";
				PRODUCT_BUNDLE_IDENTIFIER = vilyever.objcTempDemo;
				PRODUCT_NAME = "$(TARGET_NAME)";
				PROVISIONING_PROFILE = "";
			};
			name = Release;
		};
/* End XCBuildConfiguration section */

/* Begin XCConfigurationList section */
		FE615FDD1D2367FF00AECD76 /* Build configuration list for PBXProject "objcTempDemo" */ = {
			isa = XCConfigurationList;
			buildConfigurations = (
				FE615FF71D2367FF00AECD76 /* Debug */,
				FE615FF81D2367FF00AECD76 /* Release */,
			);
			defaultConfigurationIsVisible = 0;
			defaultConfigurationName = Release;
		};
		FE615FF91D2367FF00AECD76 /* Build configuration list for PBXNativeTarget "objcTempDemo" */ = {
			isa = XCConfigurationList;
			buildConfigurations = (
				FE615FFA1D2367FF00AECD76 /* Debug */,
				FE615FFB1D2367FF00AECD76 /* Release */,
			);
			defaultConfigurationIsVisible = 0;
			defaultConfigurationName = Release;
		};
/* End XCConfigurationList section */
	};
	rootObject = FE615FDA1D2367FF00AECD76 /* Project object */;
}
